// !$*UTF8*$!
{
	archiveVersion = 1;
	classes = {
	};
	objectVersion = 46;
	objects = {

/* Begin PBXBuildFile section */
		76270A251BBB453300F5044C /* icon114.png in Resources */ = {isa = PBXBuildFile; fileRef = 76270A141BBB453300F5044C /* icon114.png */; };
		76270A261BBB453300F5044C /* icon120.png in Resources */ = {isa = PBXBuildFile; fileRef = 76270A151BBB453300F5044C /* icon120.png */; };
		76270A271BBB453300F5044C /* icon152.png in Resources */ = {isa = PBXBuildFile; fileRef = 76270A161BBB453300F5044C /* icon152.png */; };
		76270A281BBB453300F5044C /* icon160.png in Resources */ = {isa = PBXBuildFile; fileRef = 76270A171BBB453300F5044C /* icon160.png */; };
		76270A291BBB453300F5044C /* icon29.png in Resources */ = {isa = PBXBuildFile; fileRef = 76270A181BBB453300F5044C /* icon29.png */; };
		76270A2A1BBB453300F5044C /* icon40.png in Resources */ = {isa = PBXBuildFile; fileRef = 76270A191BBB453300F5044C /* icon40.png */; };
		76270A2B1BBB453300F5044C /* icon50.png in Resources */ = {isa = PBXBuildFile; fileRef = 76270A1A1BBB453300F5044C /* icon50.png */; };
		76270A2C1BBB453300F5044C /* icon57.png in Resources */ = {isa = PBXBuildFile; fileRef = 76270A1B1BBB453300F5044C /* icon57.png */; };
		76270A2D1BBB453300F5044C /* icon58.png in Resources */ = {isa = PBXBuildFile; fileRef = 76270A1C1BBB453300F5044C /* icon58.png */; };
		76270A2E1BBB453300F5044C /* icon60.png in Resources */ = {isa = PBXBuildFile; fileRef = 76270A1D1BBB453300F5044C /* icon60.png */; };
		76270A2F1BBB453300F5044C /* icon76.png in Resources */ = {isa = PBXBuildFile; fileRef = 76270A1E1BBB453300F5044C /* icon76.png */; };
		76270A301BBB453300F5044C /* icon80.png in Resources */ = {isa = PBXBuildFile; fileRef = 76270A1F1BBB453300F5044C /* icon80.png */; };
		76270A311BBB453300F5044C /* icon87.png in Resources */ = {isa = PBXBuildFile; fileRef = 76270A201BBB453300F5044C /* icon87.png */; };
		76270A321BBB453300F5044C /* Icone.png in Resources */ = {isa = PBXBuildFile; fileRef = 76270A211BBB453300F5044C /* Icone.png */; };
		76270A331BBB453300F5044C /* Icone1024.png in Resources */ = {isa = PBXBuildFile; fileRef = 76270A221BBB453300F5044C /* Icone1024.png */; };
		76270A341BBB453300F5044C /* logoCentraldoCafe.PNG in Resources */ = {isa = PBXBuildFile; fileRef = 76270A231BBB453300F5044C /* logoCentraldoCafe.PNG */; };
		76270A361BBB458F00F5044C /* Images.xcassets in Resources */ = {isa = PBXBuildFile; fileRef = 76270A351BBB458F00F5044C /* Images.xcassets */; };
		76270A381BBB462700F5044C /* icon180.png in Resources */ = {isa = PBXBuildFile; fileRef = 76270A371BBB462700F5044C /* icon180.png */; };
		767F51DA1BBB83E200641993 /* LogoNovo.png in Resources */ = {isa = PBXBuildFile; fileRef = 767F51D71BBB83E200641993 /* LogoNovo.png */; };
		767F51DB1BBB83E200641993 /* LogoNovo2x.png in Resources */ = {isa = PBXBuildFile; fileRef = 767F51D81BBB83E200641993 /* LogoNovo2x.png */; };
		767F51DC1BBB83E200641993 /* LogoNovo3x.png in Resources */ = {isa = PBXBuildFile; fileRef = 767F51D91BBB83E200641993 /* LogoNovo3x.png */; };
		767F51E11BBB8A5000641993 /* brand@3x.png in Resources */ = {isa = PBXBuildFile; fileRef = 767F51DD1BBB8A5000641993 /* brand@3x.png */; };
		767F51E21BBB8A5000641993 /* brand@2x.png in Resources */ = {isa = PBXBuildFile; fileRef = 767F51DE1BBB8A5000641993 /* brand@2x.png */; };
		767F51E31BBB8A5000641993 /* brand568@2x.png in Resources */ = {isa = PBXBuildFile; fileRef = 767F51DF1BBB8A5000641993 /* brand568@2x.png */; };
		767F51E41BBB8A5000641993 /* brand.png in Resources */ = {isa = PBXBuildFile; fileRef = 767F51E01BBB8A5000641993 /* brand.png */; };
		7683F5761BBB78B9008F2A2B /* Splash4s.png in Resources */ = {isa = PBXBuildFile; fileRef = 7683F5751BBB78B9008F2A2B /* Splash4s.png */; };
		7683F5781BBB78D7008F2A2B /* Logo150.png in Resources */ = {isa = PBXBuildFile; fileRef = 7683F5771BBB78D7008F2A2B /* Logo150.png */; };
		7683F5881BBB78EE008F2A2B /* cell.png in Resources */ = {isa = PBXBuildFile; fileRef = 7683F5791BBB78EE008F2A2B /* cell.png */; };
		7683F5891BBB78EE008F2A2B /* cell@2x.png in Resources */ = {isa = PBXBuildFile; fileRef = 7683F57A1BBB78EE008F2A2B /* cell@2x.png */; };
		7683F58A1BBB78EE008F2A2B /* cell@3x.png in Resources */ = {isa = PBXBuildFile; fileRef = 7683F57B1BBB78EE008F2A2B /* cell@3x.png */; };
		7683F58B1BBB78EE008F2A2B /* cellDetalheAzul.png in Resources */ = {isa = PBXBuildFile; fileRef = 7683F57C1BBB78EE008F2A2B /* cellDetalheAzul.png */; };
		7683F58C1BBB78EE008F2A2B /* cellDetalheAzul@2x.png in Resources */ = {isa = PBXBuildFile; fileRef = 7683F57D1BBB78EE008F2A2B /* cellDetalheAzul@2x.png */; };
		7683F58D1BBB78EE008F2A2B /* cellDetalheAzul@3x.png in Resources */ = {isa = PBXBuildFile; fileRef = 7683F57E1BBB78EE008F2A2B /* cellDetalheAzul@3x.png */; };
		7683F58E1BBB78EE008F2A2B /* cellDetalheLaranja.png in Resources */ = {isa = PBXBuildFile; fileRef = 7683F57F1BBB78EE008F2A2B /* cellDetalheLaranja.png */; };
		7683F58F1BBB78EE008F2A2B /* cellDetalheLaranja@2x.png in Resources */ = {isa = PBXBuildFile; fileRef = 7683F5801BBB78EE008F2A2B /* cellDetalheLaranja@2x.png */; };
		7683F5901BBB78EE008F2A2B /* cellDetalheLaranja@3x.png in Resources */ = {isa = PBXBuildFile; fileRef = 7683F5811BBB78EE008F2A2B /* cellDetalheLaranja@3x.png */; };
		7683F5911BBB78EE008F2A2B /* cellDetalheRoxo.png in Resources */ = {isa = PBXBuildFile; fileRef = 7683F5821BBB78EE008F2A2B /* cellDetalheRoxo.png */; };
		7683F5921BBB78EE008F2A2B /* cellDetalheRoxo@2x.png in Resources */ = {isa = PBXBuildFile; fileRef = 7683F5831BBB78EE008F2A2B /* cellDetalheRoxo@2x.png */; };
		7683F5931BBB78EE008F2A2B /* cellDetalheRoxo@3x.png in Resources */ = {isa = PBXBuildFile; fileRef = 7683F5841BBB78EE008F2A2B /* cellDetalheRoxo@3x.png */; };
		7683F5941BBB78EE008F2A2B /* cellDetalheVerde.png in Resources */ = {isa = PBXBuildFile; fileRef = 7683F5851BBB78EE008F2A2B /* cellDetalheVerde.png */; };
		7683F5951BBB78EE008F2A2B /* cellDetalheVerde@2x.png in Resources */ = {isa = PBXBuildFile; fileRef = 7683F5861BBB78EE008F2A2B /* cellDetalheVerde@2x.png */; };
		7683F5961BBB78EE008F2A2B /* cellDetalheVerde@3x.png in Resources */ = {isa = PBXBuildFile; fileRef = 7683F5871BBB78EE008F2A2B /* cellDetalheVerde@3x.png */; };
		7683F5AC1BBB790B008F2A2B /* Info-icon.png in Resources */ = {isa = PBXBuildFile; fileRef = 7683F5981BBB790B008F2A2B /* Info-icon.png */; };
		7683F5AD1BBB790B008F2A2B /* Info-icon@2x.png in Resources */ = {isa = PBXBuildFile; fileRef = 7683F5991BBB790B008F2A2B /* Info-icon@2x.png */; };
		7683F5AE1BBB790B008F2A2B /* Maps-Near-Me-icon.png in Resources */ = {isa = PBXBuildFile; fileRef = 7683F59A1BBB790B008F2A2B /* Maps-Near-Me-icon.png */; };
		7683F5AF1BBB790B008F2A2B /* Maps-Near-Me-icon@2x.png in Resources */ = {isa = PBXBuildFile; fileRef = 7683F59B1BBB790B008F2A2B /* Maps-Near-Me-icon@2x.png */; };
		7683F5B01BBB790B008F2A2B /* Purchase_icon.png in Resources */ = {isa = PBXBuildFile; fileRef = 7683F59C1BBB790B008F2A2B /* Purchase_icon.png */; };
		7683F5B11BBB790B008F2A2B /* Purchase_icon@2x.png in Resources */ = {isa = PBXBuildFile; fileRef = 7683F59D1BBB790B008F2A2B /* Purchase_icon@2x.png */; };
		7683F5B21BBB790B008F2A2B /* 0300.png in Resources */ = {isa = PBXBuildFile; fileRef = 7683F59E1BBB790B008F2A2B /* 0300.png */; };
		7683F5B31BBB790B008F2A2B /* 0300@2x.png in Resources */ = {isa = PBXBuildFile; fileRef = 7683F59F1BBB790B008F2A2B /* 0300@2x.png */; };
		7683F5B41BBB790B008F2A2B /* 0088.png in Resources */ = {isa = PBXBuildFile; fileRef = 7683F5A01BBB790B008F2A2B /* 0088.png */; };
		7683F5B51BBB790B008F2A2B /* 0088@2x.png in Resources */ = {isa = PBXBuildFile; fileRef = 7683F5A11BBB790B008F2A2B /* 0088@2x.png */; };
		7683F5B61BBB790B008F2A2B /* 0063.png in Resources */ = {isa = PBXBuildFile; fileRef = 7683F5A21BBB790B008F2A2B /* 0063.png */; };
		7683F5B71BBB790B008F2A2B /* 0063@2x.png in Resources */ = {isa = PBXBuildFile; fileRef = 7683F5A31BBB790B008F2A2B /* 0063@2x.png */; };
		7683F5B81BBB790B008F2A2B /* Icon29.png in Resources */ = {isa = PBXBuildFile; fileRef = 7683F5A41BBB790B008F2A2B /* Icon29.png */; };
		7683F5B91BBB790B008F2A2B /* Icon57.png in Resources */ = {isa = PBXBuildFile; fileRef = 7683F5A51BBB790B008F2A2B /* Icon57.png */; };
		7683F5BA1BBB790B008F2A2B /* Icon58.png in Resources */ = {isa = PBXBuildFile; fileRef = 7683F5A61BBB790B008F2A2B /* Icon58.png */; };
		7683F5BB1BBB790B008F2A2B /* Icon80.png in Resources */ = {isa = PBXBuildFile; fileRef = 7683F5A71BBB790B008F2A2B /* Icon80.png */; };
		7683F5BC1BBB790B008F2A2B /* Icon87.png in Resources */ = {isa = PBXBuildFile; fileRef = 7683F5A81BBB790B008F2A2B /* Icon87.png */; };
		7683F5BD1BBB790B008F2A2B /* Icon114.png in Resources */ = {isa = PBXBuildFile; fileRef = 7683F5A91BBB790B008F2A2B /* Icon114.png */; };
		7683F5BE1BBB790B008F2A2B /* Icon120.png in Resources */ = {isa = PBXBuildFile; fileRef = 7683F5AA1BBB790B008F2A2B /* Icon120.png */; };
		7683F5BF1BBB790B008F2A2B /* Icon180.png in Resources */ = {isa = PBXBuildFile; fileRef = 7683F5AB1BBB790B008F2A2B /* Icon180.png */; };
		769806671BBB75D100C0AC1B /* Home.m in Sources */ = {isa = PBXBuildFile; fileRef = 769806661BBB75D100C0AC1B /* Home.m */; };
		7698066A1BBB75DD00C0AC1B /* CvAbout.m in Sources */ = {isa = PBXBuildFile; fileRef = 769806691BBB75DD00C0AC1B /* CvAbout.m */; };
		7698066D1BBB75E700C0AC1B /* MapView.m in Sources */ = {isa = PBXBuildFile; fileRef = 7698066C1BBB75E700C0AC1B /* MapView.m */; };
		769806751BBB761D00C0AC1B /* Recipe.m in Sources */ = {isa = PBXBuildFile; fileRef = 769806701BBB761D00C0AC1B /* Recipe.m */; };
		769806761BBB761D00C0AC1B /* TVCMenu.m in Sources */ = {isa = PBXBuildFile; fileRef = 769806721BBB761D00C0AC1B /* TVCMenu.m */; };
		769806771BBB761D00C0AC1B /* MenuCell.m in Sources */ = {isa = PBXBuildFile; fileRef = 769806741BBB761D00C0AC1B /* MenuCell.m */; };
		7698067F1BBB764600C0AC1B /* TVCMenuDetalhe.m in Sources */ = {isa = PBXBuildFile; fileRef = 7698067A1BBB764600C0AC1B /* TVCMenuDetalhe.m */; };
		769806801BBB764600C0AC1B /* MenuCellDetalhe.m in Sources */ = {isa = PBXBuildFile; fileRef = 7698067C1BBB764600C0AC1B /* MenuCellDetalhe.m */; };
		769806811BBB764600C0AC1B /* PratosDetalheObj.m in Sources */ = {isa = PBXBuildFile; fileRef = 7698067E1BBB764600C0AC1B /* PratosDetalheObj.m */; };
		7698068C1BBB77DC00C0AC1B /* breakfast.jpg in Resources */ = {isa = PBXBuildFile; fileRef = 769806851BBB77DC00C0AC1B /* breakfast.jpg */; };
		7698068D1BBB77DC00C0AC1B /* Cooffe.jpg in Resources */ = {isa = PBXBuildFile; fileRef = 769806861BBB77DC00C0AC1B /* Cooffe.jpg */; };
		7698068E1BBB77DC00C0AC1B /* flabPizza.jpg in Resources */ = {isa = PBXBuildFile; fileRef = 769806871BBB77DC00C0AC1B /* flabPizza.jpg */; };
		7698068F1BBB77DC00C0AC1B /* FrontNoah.jpg in Resources */ = {isa = PBXBuildFile; fileRef = 769806881BBB77DC00C0AC1B /* FrontNoah.jpg */; };
		769806901BBB77DC00C0AC1B /* FrontNoah2.jpg in Resources */ = {isa = PBXBuildFile; fileRef = 769806891BBB77DC00C0AC1B /* FrontNoah2.jpg */; };
		769806911BBB77DC00C0AC1B /* hamburgerAndbeer.jpg in Resources */ = {isa = PBXBuildFile; fileRef = 7698068A1BBB77DC00C0AC1B /* hamburgerAndbeer.jpg */; };
		769806921BBB77DC00C0AC1B /* Pankekes.jpg in Resources */ = {isa = PBXBuildFile; fileRef = 7698068B1BBB77DC00C0AC1B /* Pankekes.jpg */; };
		C82DD8C9002E54907A85A602 /* libPods-SidebarDemo.a in Frameworks */ = {isa = PBXBuildFile; fileRef = D3E2217B27A82AA2548BF67E /* libPods-SidebarDemo.a */; };
		F4EECF12177C99F400778578 /* UIKit.framework in Frameworks */ = {isa = PBXBuildFile; fileRef = F4EECF11177C99F400778578 /* UIKit.framework */; };
		F4EECF14177C99F400778578 /* Foundation.framework in Frameworks */ = {isa = PBXBuildFile; fileRef = F4EECF13177C99F400778578 /* Foundation.framework */; };
		F4EECF16177C99F400778578 /* CoreGraphics.framework in Frameworks */ = {isa = PBXBuildFile; fileRef = F4EECF15177C99F400778578 /* CoreGraphics.framework */; };
		F4EECF1C177C99F400778578 /* InfoPlist.strings in Resources */ = {isa = PBXBuildFile; fileRef = F4EECF1A177C99F400778578 /* InfoPlist.strings */; };
		F4EECF1E177C99F400778578 /* main.m in Sources */ = {isa = PBXBuildFile; fileRef = F4EECF1D177C99F400778578 /* main.m */; };
		F4EECF22177C99F400778578 /* AppDelegate.m in Sources */ = {isa = PBXBuildFile; fileRef = F4EECF21177C99F400778578 /* AppDelegate.m */; };
		F4EECF24177C99F400778578 /* Default.png in Resources */ = {isa = PBXBuildFile; fileRef = F4EECF23177C99F400778578 /* Default.png */; };
		F4EECF26177C99F400778578 /* Default@2x.png in Resources */ = {isa = PBXBuildFile; fileRef = F4EECF25177C99F400778578 /* Default@2x.png */; };
		F4EECF28177C99F400778578 /* Default-568h@2x.png in Resources */ = {isa = PBXBuildFile; fileRef = F4EECF27177C99F400778578 /* Default-568h@2x.png */; };
		F4EECF2B177C99F400778578 /* MainStoryboard.storyboard in Resources */ = {isa = PBXBuildFile; fileRef = F4EECF29177C99F400778578 /* MainStoryboard.storyboard */; };
		F4EECF2E177C99F400778578 /* MainViewController.m in Sources */ = {isa = PBXBuildFile; fileRef = F4EECF2D177C99F400778578 /* MainViewController.m */; };
		F4EECF4A177DF87700778578 /* SidebarViewController.m in Sources */ = {isa = PBXBuildFile; fileRef = F4EECF49177DF87700778578 /* SidebarViewController.m */; };
		F4EECF5B177F384900778578 /* bookmark.png in Resources */ = {isa = PBXBuildFile; fileRef = F4EECF54177F384900778578 /* bookmark.png */; };
		F4EECF5C177F384900778578 /* calendar.png in Resources */ = {isa = PBXBuildFile; fileRef = F4EECF55177F384900778578 /* calendar.png */; };
		F4EECF5D177F384900778578 /* comments.png in Resources */ = {isa = PBXBuildFile; fileRef = F4EECF56177F384900778578 /* comments.png */; };
		F4EECF5E177F384900778578 /* map.png in Resources */ = {isa = PBXBuildFile; fileRef = F4EECF57177F384900778578 /* map.png */; };
		F4EECF5F177F384900778578 /* news.png in Resources */ = {isa = PBXBuildFile; fileRef = F4EECF58177F384900778578 /* news.png */; };
		F4EECF60177F384900778578 /* photo.png in Resources */ = {isa = PBXBuildFile; fileRef = F4EECF59177F384900778578 /* photo.png */; };
		F4EECF61177F384900778578 /* wishlist.png in Resources */ = {isa = PBXBuildFile; fileRef = F4EECF5A177F384900778578 /* wishlist.png */; };
		F4EECF63177F3CAB00778578 /* tag.png in Resources */ = {isa = PBXBuildFile; fileRef = F4EECF62177F3CAB00778578 /* tag.png */; };
		F4EECF67177F4AB000778578 /* nav_bg.png in Resources */ = {isa = PBXBuildFile; fileRef = F4EECF65177F4AB000778578 /* nav_bg.png */; };
		F4EECF6A177F4C0200778578 /* menu.png in Resources */ = {isa = PBXBuildFile; fileRef = F4EECF68177F4C0200778578 /* menu.png */; };
		F4EECF6B177F4C0200778578 /* menu@2x.png in Resources */ = {isa = PBXBuildFile; fileRef = F4EECF69177F4C0200778578 /* menu@2x.png */; };
		F4EECF6E177FD51400778578 /* MapViewController.m in Sources */ = {isa = PBXBuildFile; fileRef = F4EECF6D177FD51300778578 /* MapViewController.m */; };
		F4EECF70177FE9B400778578 /* CoreLocation.framework in Frameworks */ = {isa = PBXBuildFile; fileRef = F4EECF6F177FE9B400778578 /* CoreLocation.framework */; };
		F4FE87FB1780081300CB3DA8 /* comments_photo.jpg in Resources */ = {isa = PBXBuildFile; fileRef = F4FE87F91780081300CB3DA8 /* comments_photo.jpg */; };
		F4FE87FC1780081300CB3DA8 /* wishlist_photo.jpg in Resources */ = {isa = PBXBuildFile; fileRef = F4FE87FA1780081300CB3DA8 /* wishlist_photo.jpg */; };
		F4FE87FF178010F000CB3DA8 /* bookmark_photo.jpg in Resources */ = {isa = PBXBuildFile; fileRef = F4FE87FD178010F000CB3DA8 /* bookmark_photo.jpg */; };
		F4FE8800178010F000CB3DA8 /* calendar_photo.jpg in Resources */ = {isa = PBXBuildFile; fileRef = F4FE87FE178010F000CB3DA8 /* calendar_photo.jpg */; };
		F4FE8802178010FA00CB3DA8 /* tag_photo.jpg in Resources */ = {isa = PBXBuildFile; fileRef = F4FE8801178010FA00CB3DA8 /* tag_photo.jpg */; };
		F59A659D1AF98AC300AC0699 /* no-foto.jpg in Resources */ = {isa = PBXBuildFile; fileRef = F59A659C1AF98AC300AC0699 /* no-foto.jpg */; };
		F59A65A11AFA8EF700AC0699 /* DatailsNew.m in Sources */ = {isa = PBXBuildFile; fileRef = F59A65A01AFA8EF700AC0699 /* DatailsNew.m */; };
		F59A65A41AFD378700AC0699 /* LogoCentraldoCafe@2x.png in Resources */ = {isa = PBXBuildFile; fileRef = F59A65A21AFD378700AC0699 /* LogoCentraldoCafe@2x.png */; };
		F59A65A51AFD378700AC0699 /* LogoCentraldoCafe@3x.png in Resources */ = {isa = PBXBuildFile; fileRef = F59A65A31AFD378700AC0699 /* LogoCentraldoCafe@3x.png */; };
		F59A65A81AFD570300AC0699 /* tableMoreViews.m in Sources */ = {isa = PBXBuildFile; fileRef = F59A65A71AFD570300AC0699 /* tableMoreViews.m */; };
		F59A65AF1AFD64B800AC0699 /* tableGeral.m in Sources */ = {isa = PBXBuildFile; fileRef = F59A65AE1AFD64B800AC0699 /* tableGeral.m */; };
		F59A65B31AFD770600AC0699 /* ViewContato.m in Sources */ = {isa = PBXBuildFile; fileRef = F59A65B21AFD770600AC0699 /* ViewContato.m */; };
		F59A65B61AFD795900AC0699 /* Logo_Promaster.png in Resources */ = {isa = PBXBuildFile; fileRef = F59A65B51AFD795900AC0699 /* Logo_Promaster.png */; };
		F59A65B81AFD7CD100AC0699 /* MessageUI.framework in Frameworks */ = {isa = PBXBuildFile; fileRef = F59A65B71AFD7CD100AC0699 /* MessageUI.framework */; };
		F59A65BA1AFD7CE900AC0699 /* QuartzCore.framework in Frameworks */ = {isa = PBXBuildFile; fileRef = F59A65B91AFD7CE900AC0699 /* QuartzCore.framework */; };
		F59A65BE1AFE43BC00AC0699 /* MBProgressHUD.m in Sources */ = {isa = PBXBuildFile; fileRef = F59A65BD1AFE43BC00AC0699 /* MBProgressHUD.m */; };
		F59A65C41AFE43D300AC0699 /* Icon-iOS7@2x.png in Resources */ = {isa = PBXBuildFile; fileRef = F59A65BF1AFE43D300AC0699 /* Icon-iOS7@2x.png */; };
		F59A65C51AFE43D300AC0699 /* Icon-Small.png in Resources */ = {isa = PBXBuildFile; fileRef = F59A65C01AFE43D300AC0699 /* Icon-Small.png */; };
		F59A65C61AFE43D300AC0699 /* Icon-Small@2x.png in Resources */ = {isa = PBXBuildFile; fileRef = F59A65C11AFE43D300AC0699 /* Icon-Small@2x.png */; };
		F59A65C71AFE43D300AC0699 /* Icon.png in Resources */ = {isa = PBXBuildFile; fileRef = F59A65C21AFE43D300AC0699 /* Icon.png */; };
		F59A65C81AFE43D300AC0699 /* Icon@2x.png in Resources */ = {isa = PBXBuildFile; fileRef = F59A65C31AFE43D300AC0699 /* Icon@2x.png */; };
		F59A65CB1AFE43E200AC0699 /* 37x-Checkmark.png in Resources */ = {isa = PBXBuildFile; fileRef = F59A65C91AFE43E200AC0699 /* 37x-Checkmark.png */; };
		F59A65CC1AFE43E200AC0699 /* 37x-Checkmark@2x.png in Resources */ = {isa = PBXBuildFile; fileRef = F59A65CA1AFE43E200AC0699 /* 37x-Checkmark@2x.png */; };
		F59A65CF1AFE83A900AC0699 /* Details.m in Sources */ = {isa = PBXBuildFile; fileRef = F59A65CE1AFE83A900AC0699 /* Details.m */; };
		F59A65D11AFE8F6F00AC0699 /* SystemConfiguration.framework in Frameworks */ = {isa = PBXBuildFile; fileRef = F59A65D01AFE8F6E00AC0699 /* SystemConfiguration.framework */; };
		F59A65D71B07FEF400AC0699 /* Reachability.m in Sources */ = {isa = PBXBuildFile; fileRef = F59A65D61B07FEF400AC0699 /* Reachability.m */; };
		F5A576DE1AF11A1200AD0873 /* CellNews.m in Sources */ = {isa = PBXBuildFile; fileRef = F5A576DC1AF11A1200AD0873 /* CellNews.m */; };
		F5A576E31AF11A6700AD0873 /* TableNews.m in Sources */ = {isa = PBXBuildFile; fileRef = F5A576E21AF11A6700AD0873 /* TableNews.m */; };
		F5A576E51AF1269600AD0873 /* LogoCentraldoCafe.png in Resources */ = {isa = PBXBuildFile; fileRef = F5A576E41AF1269600AD0873 /* LogoCentraldoCafe.png */; };
		F5E1E2F31ABDC508004096CB /* SWRevealViewController.m in Sources */ = {isa = PBXBuildFile; fileRef = F5E1E2F21ABDC508004096CB /* SWRevealViewController.m */; };
/* End PBXBuildFile section */

/* Begin PBXFileReference section */
		30923555BF2F8A6015417AE7 /* Pods-SidebarDemo.debug.xcconfig */ = {isa = PBXFileReference; includeInIndex = 1; lastKnownFileType = text.xcconfig; name = "Pods-SidebarDemo.debug.xcconfig"; path = "Pods/Target Support Files/Pods-SidebarDemo/Pods-SidebarDemo.debug.xcconfig"; sourceTree = "<group>"; };
		76270A141BBB453300F5044C /* icon114.png */ = {isa = PBXFileReference; lastKnownFileType = image.png; path = icon114.png; sourceTree = "<group>"; };
		76270A151BBB453300F5044C /* icon120.png */ = {isa = PBXFileReference; lastKnownFileType = image.png; path = icon120.png; sourceTree = "<group>"; };
		76270A161BBB453300F5044C /* icon152.png */ = {isa = PBXFileReference; lastKnownFileType = image.png; path = icon152.png; sourceTree = "<group>"; };
		76270A171BBB453300F5044C /* icon160.png */ = {isa = PBXFileReference; lastKnownFileType = image.png; path = icon160.png; sourceTree = "<group>"; };
		76270A181BBB453300F5044C /* icon29.png */ = {isa = PBXFileReference; lastKnownFileType = image.png; path = icon29.png; sourceTree = "<group>"; };
		76270A191BBB453300F5044C /* icon40.png */ = {isa = PBXFileReference; lastKnownFileType = image.png; path = icon40.png; sourceTree = "<group>"; };
		76270A1A1BBB453300F5044C /* icon50.png */ = {isa = PBXFileReference; lastKnownFileType = image.png; path = icon50.png; sourceTree = "<group>"; };
		76270A1B1BBB453300F5044C /* icon57.png */ = {isa = PBXFileReference; lastKnownFileType = image.png; path = icon57.png; sourceTree = "<group>"; };
		76270A1C1BBB453300F5044C /* icon58.png */ = {isa = PBXFileReference; lastKnownFileType = image.png; path = icon58.png; sourceTree = "<group>"; };
		76270A1D1BBB453300F5044C /* icon60.png */ = {isa = PBXFileReference; lastKnownFileType = image.png; path = icon60.png; sourceTree = "<group>"; };
		76270A1E1BBB453300F5044C /* icon76.png */ = {isa = PBXFileReference; lastKnownFileType = image.png; path = icon76.png; sourceTree = "<group>"; };
		76270A1F1BBB453300F5044C /* icon80.png */ = {isa = PBXFileReference; lastKnownFileType = image.png; path = icon80.png; sourceTree = "<group>"; };
		76270A201BBB453300F5044C /* icon87.png */ = {isa = PBXFileReference; lastKnownFileType = image.png; path = icon87.png; sourceTree = "<group>"; };
		76270A211BBB453300F5044C /* Icone.png */ = {isa = PBXFileReference; lastKnownFileType = image.png; path = Icone.png; sourceTree = "<group>"; };
		76270A221BBB453300F5044C /* Icone1024.png */ = {isa = PBXFileReference; lastKnownFileType = image.png; path = Icone1024.png; sourceTree = "<group>"; };
		76270A231BBB453300F5044C /* logoCentraldoCafe.PNG */ = {isa = PBXFileReference; lastKnownFileType = image.png; path = logoCentraldoCafe.PNG; sourceTree = "<group>"; };
		76270A351BBB458F00F5044C /* Images.xcassets */ = {isa = PBXFileReference; lastKnownFileType = folder.assetcatalog; path = Images.xcassets; sourceTree = "<group>"; };
		76270A371BBB462700F5044C /* icon180.png */ = {isa = PBXFileReference; lastKnownFileType = image.png; path = icon180.png; sourceTree = "<group>"; };
		767F51D71BBB83E200641993 /* LogoNovo.png */ = {isa = PBXFileReference; lastKnownFileType = image.png; path = LogoNovo.png; sourceTree = "<group>"; };
		767F51D81BBB83E200641993 /* LogoNovo2x.png */ = {isa = PBXFileReference; lastKnownFileType = image.png; path = LogoNovo2x.png; sourceTree = "<group>"; };
		767F51D91BBB83E200641993 /* LogoNovo3x.png */ = {isa = PBXFileReference; lastKnownFileType = image.png; path = LogoNovo3x.png; sourceTree = "<group>"; };
		767F51DD1BBB8A5000641993 /* brand@3x.png */ = {isa = PBXFileReference; lastKnownFileType = image.png; path = "brand@3x.png"; sourceTree = "<group>"; };
		767F51DE1BBB8A5000641993 /* brand@2x.png */ = {isa = PBXFileReference; lastKnownFileType = image.png; path = "brand@2x.png"; sourceTree = "<group>"; };
		767F51DF1BBB8A5000641993 /* brand568@2x.png */ = {isa = PBXFileReference; lastKnownFileType = image.png; path = "brand568@2x.png"; sourceTree = "<group>"; };
		767F51E01BBB8A5000641993 /* brand.png */ = {isa = PBXFileReference; lastKnownFileType = image.png; path = brand.png; sourceTree = "<group>"; };
		7683F5751BBB78B9008F2A2B /* Splash4s.png */ = {isa = PBXFileReference; lastKnownFileType = image.png; path = Splash4s.png; sourceTree = "<group>"; };
		7683F5771BBB78D7008F2A2B /* Logo150.png */ = {isa = PBXFileReference; lastKnownFileType = image.png; path = Logo150.png; sourceTree = "<group>"; };
		7683F5791BBB78EE008F2A2B /* cell.png */ = {isa = PBXFileReference; lastKnownFileType = image.png; path = cell.png; sourceTree = "<group>"; };
		7683F57A1BBB78EE008F2A2B /* cell@2x.png */ = {isa = PBXFileReference; lastKnownFileType = image.png; path = "cell@2x.png"; sourceTree = "<group>"; };
		7683F57B1BBB78EE008F2A2B /* cell@3x.png */ = {isa = PBXFileReference; lastKnownFileType = image.png; path = "cell@3x.png"; sourceTree = "<group>"; };
		7683F57C1BBB78EE008F2A2B /* cellDetalheAzul.png */ = {isa = PBXFileReference; lastKnownFileType = image.png; path = cellDetalheAzul.png; sourceTree = "<group>"; };
		7683F57D1BBB78EE008F2A2B /* cellDetalheAzul@2x.png */ = {isa = PBXFileReference; lastKnownFileType = image.png; path = "cellDetalheAzul@2x.png"; sourceTree = "<group>"; };
		7683F57E1BBB78EE008F2A2B /* cellDetalheAzul@3x.png */ = {isa = PBXFileReference; lastKnownFileType = image.png; path = "cellDetalheAzul@3x.png"; sourceTree = "<group>"; };
		7683F57F1BBB78EE008F2A2B /* cellDetalheLaranja.png */ = {isa = PBXFileReference; lastKnownFileType = image.png; path = cellDetalheLaranja.png; sourceTree = "<group>"; };
		7683F5801BBB78EE008F2A2B /* cellDetalheLaranja@2x.png */ = {isa = PBXFileReference; lastKnownFileType = image.png; path = "cellDetalheLaranja@2x.png"; sourceTree = "<group>"; };
		7683F5811BBB78EE008F2A2B /* cellDetalheLaranja@3x.png */ = {isa = PBXFileReference; lastKnownFileType = image.png; path = "cellDetalheLaranja@3x.png"; sourceTree = "<group>"; };
		7683F5821BBB78EE008F2A2B /* cellDetalheRoxo.png */ = {isa = PBXFileReference; lastKnownFileType = image.png; path = cellDetalheRoxo.png; sourceTree = "<group>"; };
		7683F5831BBB78EE008F2A2B /* cellDetalheRoxo@2x.png */ = {isa = PBXFileReference; lastKnownFileType = image.png; path = "cellDetalheRoxo@2x.png"; sourceTree = "<group>"; };
		7683F5841BBB78EE008F2A2B /* cellDetalheRoxo@3x.png */ = {isa = PBXFileReference; lastKnownFileType = image.png; path = "cellDetalheRoxo@3x.png"; sourceTree = "<group>"; };
		7683F5851BBB78EE008F2A2B /* cellDetalheVerde.png */ = {isa = PBXFileReference; lastKnownFileType = image.png; path = cellDetalheVerde.png; sourceTree = "<group>"; };
		7683F5861BBB78EE008F2A2B /* cellDetalheVerde@2x.png */ = {isa = PBXFileReference; lastKnownFileType = image.png; path = "cellDetalheVerde@2x.png"; sourceTree = "<group>"; };
		7683F5871BBB78EE008F2A2B /* cellDetalheVerde@3x.png */ = {isa = PBXFileReference; lastKnownFileType = image.png; path = "cellDetalheVerde@3x.png"; sourceTree = "<group>"; };
		7683F5981BBB790B008F2A2B /* Info-icon.png */ = {isa = PBXFileReference; lastKnownFileType = image.png; path = "Info-icon.png"; sourceTree = "<group>"; };
		7683F5991BBB790B008F2A2B /* Info-icon@2x.png */ = {isa = PBXFileReference; lastKnownFileType = image.png; path = "Info-icon@2x.png"; sourceTree = "<group>"; };
		7683F59A1BBB790B008F2A2B /* Maps-Near-Me-icon.png */ = {isa = PBXFileReference; lastKnownFileType = image.png; path = "Maps-Near-Me-icon.png"; sourceTree = "<group>"; };
		7683F59B1BBB790B008F2A2B /* Maps-Near-Me-icon@2x.png */ = {isa = PBXFileReference; lastKnownFileType = image.png; path = "Maps-Near-Me-icon@2x.png"; sourceTree = "<group>"; };
		7683F59C1BBB790B008F2A2B /* Purchase_icon.png */ = {isa = PBXFileReference; lastKnownFileType = image.png; path = Purchase_icon.png; sourceTree = "<group>"; };
		7683F59D1BBB790B008F2A2B /* Purchase_icon@2x.png */ = {isa = PBXFileReference; lastKnownFileType = image.png; path = "Purchase_icon@2x.png"; sourceTree = "<group>"; };
		7683F59E1BBB790B008F2A2B /* 0300.png */ = {isa = PBXFileReference; lastKnownFileType = image.png; path = 0300.png; sourceTree = "<group>"; };
		7683F59F1BBB790B008F2A2B /* 0300@2x.png */ = {isa = PBXFileReference; lastKnownFileType = image.png; path = "0300@2x.png"; sourceTree = "<group>"; };
		7683F5A01BBB790B008F2A2B /* 0088.png */ = {isa = PBXFileReference; lastKnownFileType = image.png; path = 0088.png; sourceTree = "<group>"; };
		7683F5A11BBB790B008F2A2B /* 0088@2x.png */ = {isa = PBXFileReference; lastKnownFileType = image.png; path = "0088@2x.png"; sourceTree = "<group>"; };
		7683F5A21BBB790B008F2A2B /* 0063.png */ = {isa = PBXFileReference; lastKnownFileType = image.png; path = 0063.png; sourceTree = "<group>"; };
		7683F5A31BBB790B008F2A2B /* 0063@2x.png */ = {isa = PBXFileReference; lastKnownFileType = image.png; path = "0063@2x.png"; sourceTree = "<group>"; };
		7683F5A41BBB790B008F2A2B /* Icon29.png */ = {isa = PBXFileReference; lastKnownFileType = image.png; path = Icon29.png; sourceTree = "<group>"; };
		7683F5A51BBB790B008F2A2B /* Icon57.png */ = {isa = PBXFileReference; lastKnownFileType = image.png; path = Icon57.png; sourceTree = "<group>"; };
		7683F5A61BBB790B008F2A2B /* Icon58.png */ = {isa = PBXFileReference; lastKnownFileType = image.png; path = Icon58.png; sourceTree = "<group>"; };
		7683F5A71BBB790B008F2A2B /* Icon80.png */ = {isa = PBXFileReference; lastKnownFileType = image.png; path = Icon80.png; sourceTree = "<group>"; };
		7683F5A81BBB790B008F2A2B /* Icon87.png */ = {isa = PBXFileReference; lastKnownFileType = image.png; path = Icon87.png; sourceTree = "<group>"; };
		7683F5A91BBB790B008F2A2B /* Icon114.png */ = {isa = PBXFileReference; lastKnownFileType = image.png; path = Icon114.png; sourceTree = "<group>"; };
		7683F5AA1BBB790B008F2A2B /* Icon120.png */ = {isa = PBXFileReference; lastKnownFileType = image.png; path = Icon120.png; sourceTree = "<group>"; };
		7683F5AB1BBB790B008F2A2B /* Icon180.png */ = {isa = PBXFileReference; lastKnownFileType = image.png; path = Icon180.png; sourceTree = "<group>"; };
		769806651BBB75D100C0AC1B /* Home.h */ = {isa = PBXFileReference; fileEncoding = 4; lastKnownFileType = sourcecode.c.h; path = Home.h; sourceTree = "<group>"; };
		769806661BBB75D100C0AC1B /* Home.m */ = {isa = PBXFileReference; fileEncoding = 4; lastKnownFileType = sourcecode.c.objc; path = Home.m; sourceTree = "<group>"; };
		769806681BBB75DD00C0AC1B /* CvAbout.h */ = {isa = PBXFileReference; fileEncoding = 4; lastKnownFileType = sourcecode.c.h; path = CvAbout.h; sourceTree = "<group>"; };
		769806691BBB75DD00C0AC1B /* CvAbout.m */ = {isa = PBXFileReference; fileEncoding = 4; lastKnownFileType = sourcecode.c.objc; path = CvAbout.m; sourceTree = "<group>"; };
		7698066B1BBB75E700C0AC1B /* MapView.h */ = {isa = PBXFileReference; fileEncoding = 4; lastKnownFileType = sourcecode.c.h; path = MapView.h; sourceTree = "<group>"; };
		7698066C1BBB75E700C0AC1B /* MapView.m */ = {isa = PBXFileReference; fileEncoding = 4; lastKnownFileType = sourcecode.c.objc; path = MapView.m; sourceTree = "<group>"; };
		7698066F1BBB761D00C0AC1B /* Recipe.h */ = {isa = PBXFileReference; fileEncoding = 4; lastKnownFileType = sourcecode.c.h; path = Recipe.h; sourceTree = "<group>"; };
		769806701BBB761D00C0AC1B /* Recipe.m */ = {isa = PBXFileReference; fileEncoding = 4; lastKnownFileType = sourcecode.c.objc; path = Recipe.m; sourceTree = "<group>"; };
		769806711BBB761D00C0AC1B /* TVCMenu.h */ = {isa = PBXFileReference; fileEncoding = 4; lastKnownFileType = sourcecode.c.h; path = TVCMenu.h; sourceTree = "<group>"; };
		769806721BBB761D00C0AC1B /* TVCMenu.m */ = {isa = PBXFileReference; fileEncoding = 4; lastKnownFileType = sourcecode.c.objc; path = TVCMenu.m; sourceTree = "<group>"; };
		769806731BBB761D00C0AC1B /* MenuCell.h */ = {isa = PBXFileReference; fileEncoding = 4; lastKnownFileType = sourcecode.c.h; path = MenuCell.h; sourceTree = "<group>"; };
		769806741BBB761D00C0AC1B /* MenuCell.m */ = {isa = PBXFileReference; fileEncoding = 4; lastKnownFileType = sourcecode.c.objc; path = MenuCell.m; sourceTree = "<group>"; };
		769806791BBB764600C0AC1B /* TVCMenuDetalhe.h */ = {isa = PBXFileReference; fileEncoding = 4; lastKnownFileType = sourcecode.c.h; path = TVCMenuDetalhe.h; sourceTree = "<group>"; };
		7698067A1BBB764600C0AC1B /* TVCMenuDetalhe.m */ = {isa = PBXFileReference; fileEncoding = 4; lastKnownFileType = sourcecode.c.objc; path = TVCMenuDetalhe.m; sourceTree = "<group>"; };
		7698067B1BBB764600C0AC1B /* MenuCellDetalhe.h */ = {isa = PBXFileReference; fileEncoding = 4; lastKnownFileType = sourcecode.c.h; path = MenuCellDetalhe.h; sourceTree = "<group>"; };
		7698067C1BBB764600C0AC1B /* MenuCellDetalhe.m */ = {isa = PBXFileReference; fileEncoding = 4; lastKnownFileType = sourcecode.c.objc; path = MenuCellDetalhe.m; sourceTree = "<group>"; };
		7698067D1BBB764600C0AC1B /* PratosDetalheObj.h */ = {isa = PBXFileReference; fileEncoding = 4; lastKnownFileType = sourcecode.c.h; path = PratosDetalheObj.h; sourceTree = "<group>"; };
		7698067E1BBB764600C0AC1B /* PratosDetalheObj.m */ = {isa = PBXFileReference; fileEncoding = 4; lastKnownFileType = sourcecode.c.objc; path = PratosDetalheObj.m; sourceTree = "<group>"; };
		769806851BBB77DC00C0AC1B /* breakfast.jpg */ = {isa = PBXFileReference; lastKnownFileType = image.jpeg; path = breakfast.jpg; sourceTree = "<group>"; };
		769806861BBB77DC00C0AC1B /* Cooffe.jpg */ = {isa = PBXFileReference; lastKnownFileType = image.jpeg; path = Cooffe.jpg; sourceTree = "<group>"; };
		769806871BBB77DC00C0AC1B /* flabPizza.jpg */ = {isa = PBXFileReference; lastKnownFileType = image.jpeg; path = flabPizza.jpg; sourceTree = "<group>"; };
		769806881BBB77DC00C0AC1B /* FrontNoah.jpg */ = {isa = PBXFileReference; lastKnownFileType = image.jpeg; path = FrontNoah.jpg; sourceTree = "<group>"; };
		769806891BBB77DC00C0AC1B /* FrontNoah2.jpg */ = {isa = PBXFileReference; lastKnownFileType = image.jpeg; path = FrontNoah2.jpg; sourceTree = "<group>"; };
		7698068A1BBB77DC00C0AC1B /* hamburgerAndbeer.jpg */ = {isa = PBXFileReference; lastKnownFileType = image.jpeg; path = hamburgerAndbeer.jpg; sourceTree = "<group>"; };
		7698068B1BBB77DC00C0AC1B /* Pankekes.jpg */ = {isa = PBXFileReference; lastKnownFileType = image.jpeg; path = Pankekes.jpg; sourceTree = "<group>"; };
		D3E2217B27A82AA2548BF67E /* libPods-SidebarDemo.a */ = {isa = PBXFileReference; explicitFileType = archive.ar; includeInIndex = 0; path = "libPods-SidebarDemo.a"; sourceTree = BUILT_PRODUCTS_DIR; };
		F2B637189E3B27810F3F989A /* Pods-SidebarDemo.release.xcconfig */ = {isa = PBXFileReference; includeInIndex = 1; lastKnownFileType = text.xcconfig; name = "Pods-SidebarDemo.release.xcconfig"; path = "Pods/Target Support Files/Pods-SidebarDemo/Pods-SidebarDemo.release.xcconfig"; sourceTree = "<group>"; };
		F4EECF0E177C99F400778578 /* SidebarDemo.app */ = {isa = PBXFileReference; explicitFileType = wrapper.application; includeInIndex = 0; path = SidebarDemo.app; sourceTree = BUILT_PRODUCTS_DIR; };
		F4EECF11177C99F400778578 /* UIKit.framework */ = {isa = PBXFileReference; lastKnownFileType = wrapper.framework; name = UIKit.framework; path = System/Library/Frameworks/UIKit.framework; sourceTree = SDKROOT; };
		F4EECF13177C99F400778578 /* Foundation.framework */ = {isa = PBXFileReference; lastKnownFileType = wrapper.framework; name = Foundation.framework; path = System/Library/Frameworks/Foundation.framework; sourceTree = SDKROOT; };
		F4EECF15177C99F400778578 /* CoreGraphics.framework */ = {isa = PBXFileReference; lastKnownFileType = wrapper.framework; name = CoreGraphics.framework; path = System/Library/Frameworks/CoreGraphics.framework; sourceTree = SDKROOT; };
		F4EECF19177C99F400778578 /* SidebarDemo-Info.plist */ = {isa = PBXFileReference; lastKnownFileType = text.plist.xml; path = "SidebarDemo-Info.plist"; sourceTree = "<group>"; };
		F4EECF1B177C99F400778578 /* en */ = {isa = PBXFileReference; lastKnownFileType = text.plist.strings; name = en; path = en.lproj/InfoPlist.strings; sourceTree = "<group>"; };
		F4EECF1D177C99F400778578 /* main.m */ = {isa = PBXFileReference; lastKnownFileType = sourcecode.c.objc; path = main.m; sourceTree = "<group>"; };
		F4EECF1F177C99F400778578 /* SidebarDemo-Prefix.pch */ = {isa = PBXFileReference; lastKnownFileType = sourcecode.c.h; path = "SidebarDemo-Prefix.pch"; sourceTree = "<group>"; };
		F4EECF20177C99F400778578 /* AppDelegate.h */ = {isa = PBXFileReference; lastKnownFileType = sourcecode.c.h; path = AppDelegate.h; sourceTree = "<group>"; };
		F4EECF21177C99F400778578 /* AppDelegate.m */ = {isa = PBXFileReference; lastKnownFileType = sourcecode.c.objc; path = AppDelegate.m; sourceTree = "<group>"; };
		F4EECF23177C99F400778578 /* Default.png */ = {isa = PBXFileReference; lastKnownFileType = image.png; path = Default.png; sourceTree = "<group>"; };
		F4EECF25177C99F400778578 /* Default@2x.png */ = {isa = PBXFileReference; lastKnownFileType = image.png; path = "Default@2x.png"; sourceTree = "<group>"; };
		F4EECF27177C99F400778578 /* Default-568h@2x.png */ = {isa = PBXFileReference; lastKnownFileType = image.png; path = "Default-568h@2x.png"; sourceTree = "<group>"; };
		F4EECF2A177C99F400778578 /* en */ = {isa = PBXFileReference; lastKnownFileType = file.storyboard; name = en; path = en.lproj/MainStoryboard.storyboard; sourceTree = "<group>"; };
		F4EECF2C177C99F400778578 /* MainViewController.h */ = {isa = PBXFileReference; lastKnownFileType = sourcecode.c.h; path = MainViewController.h; sourceTree = "<group>"; };
		F4EECF2D177C99F400778578 /* MainViewController.m */ = {isa = PBXFileReference; lastKnownFileType = sourcecode.c.objc; path = MainViewController.m; sourceTree = "<group>"; };
		F4EECF48177DF87700778578 /* SidebarViewController.h */ = {isa = PBXFileReference; fileEncoding = 4; lastKnownFileType = sourcecode.c.h; path = SidebarViewController.h; sourceTree = "<group>"; };
		F4EECF49177DF87700778578 /* SidebarViewController.m */ = {isa = PBXFileReference; fileEncoding = 4; lastKnownFileType = sourcecode.c.objc; path = SidebarViewController.m; sourceTree = "<group>"; };
		F4EECF54177F384900778578 /* bookmark.png */ = {isa = PBXFileReference; lastKnownFileType = image.png; path = bookmark.png; sourceTree = "<group>"; };
		F4EECF55177F384900778578 /* calendar.png */ = {isa = PBXFileReference; lastKnownFileType = image.png; path = calendar.png; sourceTree = "<group>"; };
		F4EECF56177F384900778578 /* comments.png */ = {isa = PBXFileReference; lastKnownFileType = image.png; path = comments.png; sourceTree = "<group>"; };
		F4EECF57177F384900778578 /* map.png */ = {isa = PBXFileReference; lastKnownFileType = image.png; path = map.png; sourceTree = "<group>"; };
		F4EECF58177F384900778578 /* news.png */ = {isa = PBXFileReference; lastKnownFileType = image.png; path = news.png; sourceTree = "<group>"; };
		F4EECF59177F384900778578 /* photo.png */ = {isa = PBXFileReference; lastKnownFileType = image.png; path = photo.png; sourceTree = "<group>"; };
		F4EECF5A177F384900778578 /* wishlist.png */ = {isa = PBXFileReference; lastKnownFileType = image.png; path = wishlist.png; sourceTree = "<group>"; };
		F4EECF62177F3CAB00778578 /* tag.png */ = {isa = PBXFileReference; lastKnownFileType = image.png; path = tag.png; sourceTree = "<group>"; };
		F4EECF65177F4AB000778578 /* nav_bg.png */ = {isa = PBXFileReference; lastKnownFileType = image.png; path = nav_bg.png; sourceTree = "<group>"; };
		F4EECF68177F4C0200778578 /* menu.png */ = {isa = PBXFileReference; lastKnownFileType = image.png; path = menu.png; sourceTree = "<group>"; };
		F4EECF69177F4C0200778578 /* menu@2x.png */ = {isa = PBXFileReference; lastKnownFileType = image.png; path = "menu@2x.png"; sourceTree = "<group>"; };
		F4EECF6C177FD51300778578 /* MapViewController.h */ = {isa = PBXFileReference; fileEncoding = 4; lastKnownFileType = sourcecode.c.h; path = MapViewController.h; sourceTree = "<group>"; };
		F4EECF6D177FD51300778578 /* MapViewController.m */ = {isa = PBXFileReference; fileEncoding = 4; lastKnownFileType = sourcecode.c.objc; path = MapViewController.m; sourceTree = "<group>"; };
		F4EECF6F177FE9B400778578 /* CoreLocation.framework */ = {isa = PBXFileReference; lastKnownFileType = wrapper.framework; name = CoreLocation.framework; path = System/Library/Frameworks/CoreLocation.framework; sourceTree = SDKROOT; };
		F4FE87F91780081300CB3DA8 /* comments_photo.jpg */ = {isa = PBXFileReference; lastKnownFileType = image.jpeg; path = comments_photo.jpg; sourceTree = "<group>"; };
		F4FE87FA1780081300CB3DA8 /* wishlist_photo.jpg */ = {isa = PBXFileReference; lastKnownFileType = image.jpeg; path = wishlist_photo.jpg; sourceTree = "<group>"; };
		F4FE87FD178010F000CB3DA8 /* bookmark_photo.jpg */ = {isa = PBXFileReference; lastKnownFileType = image.jpeg; path = bookmark_photo.jpg; sourceTree = "<group>"; };
		F4FE87FE178010F000CB3DA8 /* calendar_photo.jpg */ = {isa = PBXFileReference; lastKnownFileType = image.jpeg; path = calendar_photo.jpg; sourceTree = "<group>"; };
		F4FE8801178010FA00CB3DA8 /* tag_photo.jpg */ = {isa = PBXFileReference; lastKnownFileType = image.jpeg; path = tag_photo.jpg; sourceTree = "<group>"; };
		F59A659C1AF98AC300AC0699 /* no-foto.jpg */ = {isa = PBXFileReference; lastKnownFileType = image.jpeg; path = "no-foto.jpg"; sourceTree = "<group>"; };
		F59A659F1AFA8EF700AC0699 /* DatailsNew.h */ = {isa = PBXFileReference; fileEncoding = 4; lastKnownFileType = sourcecode.c.h; path = DatailsNew.h; sourceTree = "<group>"; };
		F59A65A01AFA8EF700AC0699 /* DatailsNew.m */ = {isa = PBXFileReference; fileEncoding = 4; lastKnownFileType = sourcecode.c.objc; path = DatailsNew.m; sourceTree = "<group>"; };
		F59A65A21AFD378700AC0699 /* LogoCentraldoCafe@2x.png */ = {isa = PBXFileReference; lastKnownFileType = image.png; path = "LogoCentraldoCafe@2x.png"; sourceTree = "<group>"; };
		F59A65A31AFD378700AC0699 /* LogoCentraldoCafe@3x.png */ = {isa = PBXFileReference; lastKnownFileType = image.png; path = "LogoCentraldoCafe@3x.png"; sourceTree = "<group>"; };
		F59A65A61AFD570300AC0699 /* tableMoreViews.h */ = {isa = PBXFileReference; fileEncoding = 4; lastKnownFileType = sourcecode.c.h; path = tableMoreViews.h; sourceTree = "<group>"; };
		F59A65A71AFD570300AC0699 /* tableMoreViews.m */ = {isa = PBXFileReference; fileEncoding = 4; lastKnownFileType = sourcecode.c.objc; path = tableMoreViews.m; sourceTree = "<group>"; };
		F59A65AD1AFD64B800AC0699 /* tableGeral.h */ = {isa = PBXFileReference; fileEncoding = 4; lastKnownFileType = sourcecode.c.h; path = tableGeral.h; sourceTree = "<group>"; };
		F59A65AE1AFD64B800AC0699 /* tableGeral.m */ = {isa = PBXFileReference; fileEncoding = 4; lastKnownFileType = sourcecode.c.objc; path = tableGeral.m; sourceTree = "<group>"; };
		F59A65B11AFD770600AC0699 /* ViewContato.h */ = {isa = PBXFileReference; fileEncoding = 4; lastKnownFileType = sourcecode.c.h; path = ViewContato.h; sourceTree = "<group>"; };
		F59A65B21AFD770600AC0699 /* ViewContato.m */ = {isa = PBXFileReference; fileEncoding = 4; lastKnownFileType = sourcecode.c.objc; path = ViewContato.m; sourceTree = "<group>"; };
		F59A65B51AFD795900AC0699 /* Logo_Promaster.png */ = {isa = PBXFileReference; lastKnownFileType = image.png; path = Logo_Promaster.png; sourceTree = "<group>"; };
		F59A65B71AFD7CD100AC0699 /* MessageUI.framework */ = {isa = PBXFileReference; lastKnownFileType = wrapper.framework; name = MessageUI.framework; path = System/Library/Frameworks/MessageUI.framework; sourceTree = SDKROOT; };
		F59A65B91AFD7CE900AC0699 /* QuartzCore.framework */ = {isa = PBXFileReference; lastKnownFileType = wrapper.framework; name = QuartzCore.framework; path = System/Library/Frameworks/QuartzCore.framework; sourceTree = SDKROOT; };
		F59A65BC1AFE43BC00AC0699 /* MBProgressHUD.h */ = {isa = PBXFileReference; fileEncoding = 4; lastKnownFileType = sourcecode.c.h; path = MBProgressHUD.h; sourceTree = "<group>"; };
		F59A65BD1AFE43BC00AC0699 /* MBProgressHUD.m */ = {isa = PBXFileReference; fileEncoding = 4; lastKnownFileType = sourcecode.c.objc; path = MBProgressHUD.m; sourceTree = "<group>"; };
		F59A65BF1AFE43D300AC0699 /* Icon-iOS7@2x.png */ = {isa = PBXFileReference; lastKnownFileType = image.png; path = "Icon-iOS7@2x.png"; sourceTree = "<group>"; };
		F59A65C01AFE43D300AC0699 /* Icon-Small.png */ = {isa = PBXFileReference; lastKnownFileType = image.png; path = "Icon-Small.png"; sourceTree = "<group>"; };
		F59A65C11AFE43D300AC0699 /* Icon-Small@2x.png */ = {isa = PBXFileReference; lastKnownFileType = image.png; path = "Icon-Small@2x.png"; sourceTree = "<group>"; };
		F59A65C21AFE43D300AC0699 /* Icon.png */ = {isa = PBXFileReference; lastKnownFileType = image.png; path = Icon.png; sourceTree = "<group>"; };
		F59A65C31AFE43D300AC0699 /* Icon@2x.png */ = {isa = PBXFileReference; lastKnownFileType = image.png; path = "Icon@2x.png"; sourceTree = "<group>"; };
		F59A65C91AFE43E200AC0699 /* 37x-Checkmark.png */ = {isa = PBXFileReference; lastKnownFileType = image.png; path = "37x-Checkmark.png"; sourceTree = "<group>"; };
		F59A65CA1AFE43E200AC0699 /* 37x-Checkmark@2x.png */ = {isa = PBXFileReference; lastKnownFileType = image.png; path = "37x-Checkmark@2x.png"; sourceTree = "<group>"; };
		F59A65CD1AFE83A900AC0699 /* Details.h */ = {isa = PBXFileReference; fileEncoding = 4; lastKnownFileType = sourcecode.c.h; path = Details.h; sourceTree = "<group>"; };
		F59A65CE1AFE83A900AC0699 /* Details.m */ = {isa = PBXFileReference; fileEncoding = 4; lastKnownFileType = sourcecode.c.objc; path = Details.m; sourceTree = "<group>"; };
		F59A65D01AFE8F6E00AC0699 /* SystemConfiguration.framework */ = {isa = PBXFileReference; lastKnownFileType = wrapper.framework; name = SystemConfiguration.framework; path = System/Library/Frameworks/SystemConfiguration.framework; sourceTree = SDKROOT; };
		F59A65D51B07FEF400AC0699 /* Reachability.h */ = {isa = PBXFileReference; fileEncoding = 4; lastKnownFileType = sourcecode.c.h; path = Reachability.h; sourceTree = "<group>"; };
		F59A65D61B07FEF400AC0699 /* Reachability.m */ = {isa = PBXFileReference; fileEncoding = 4; lastKnownFileType = sourcecode.c.objc; path = Reachability.m; sourceTree = "<group>"; };
		F5A576DB1AF11A1200AD0873 /* CellNews.h */ = {isa = PBXFileReference; fileEncoding = 4; lastKnownFileType = sourcecode.c.h; path = CellNews.h; sourceTree = "<group>"; };
		F5A576DC1AF11A1200AD0873 /* CellNews.m */ = {isa = PBXFileReference; fileEncoding = 4; lastKnownFileType = sourcecode.c.objc; path = CellNews.m; sourceTree = "<group>"; };
		F5A576E11AF11A6700AD0873 /* TableNews.h */ = {isa = PBXFileReference; fileEncoding = 4; lastKnownFileType = sourcecode.c.h; path = TableNews.h; sourceTree = "<group>"; };
		F5A576E21AF11A6700AD0873 /* TableNews.m */ = {isa = PBXFileReference; fileEncoding = 4; lastKnownFileType = sourcecode.c.objc; path = TableNews.m; sourceTree = "<group>"; };
		F5A576E41AF1269600AD0873 /* LogoCentraldoCafe.png */ = {isa = PBXFileReference; lastKnownFileType = image.png; path = LogoCentraldoCafe.png; sourceTree = "<group>"; };
		F5E1E2F11ABDC508004096CB /* SWRevealViewController.h */ = {isa = PBXFileReference; fileEncoding = 4; lastKnownFileType = sourcecode.c.h; path = SWRevealViewController.h; sourceTree = "<group>"; };
		F5E1E2F21ABDC508004096CB /* SWRevealViewController.m */ = {isa = PBXFileReference; fileEncoding = 4; lastKnownFileType = sourcecode.c.objc; path = SWRevealViewController.m; sourceTree = "<group>"; };
/* End PBXFileReference section */

/* Begin PBXFrameworksBuildPhase section */
		F4EECF0B177C99F400778578 /* Frameworks */ = {
			isa = PBXFrameworksBuildPhase;
			buildActionMask = 2147483647;
			files = (
				F59A65D11AFE8F6F00AC0699 /* SystemConfiguration.framework in Frameworks */,
				F59A65BA1AFD7CE900AC0699 /* QuartzCore.framework in Frameworks */,
				F59A65B81AFD7CD100AC0699 /* MessageUI.framework in Frameworks */,
				F4EECF70177FE9B400778578 /* CoreLocation.framework in Frameworks */,
				F4EECF12177C99F400778578 /* UIKit.framework in Frameworks */,
				F4EECF14177C99F400778578 /* Foundation.framework in Frameworks */,
				F4EECF16177C99F400778578 /* CoreGraphics.framework in Frameworks */,
				C82DD8C9002E54907A85A602 /* libPods-SidebarDemo.a in Frameworks */,
			);
			runOnlyForDeploymentPostprocessing = 0;
		};
/* End PBXFrameworksBuildPhase section */

/* Begin PBXGroup section */
		76270A121BBB453300F5044C /* Icones */ = {
			isa = PBXGroup;
			children = (
				76270A371BBB462700F5044C /* icon180.png */,
				76270A141BBB453300F5044C /* icon114.png */,
				76270A151BBB453300F5044C /* icon120.png */,
				76270A161BBB453300F5044C /* icon152.png */,
				76270A171BBB453300F5044C /* icon160.png */,
				76270A181BBB453300F5044C /* icon29.png */,
				76270A191BBB453300F5044C /* icon40.png */,
				76270A1A1BBB453300F5044C /* icon50.png */,
				76270A1B1BBB453300F5044C /* icon57.png */,
				76270A1C1BBB453300F5044C /* icon58.png */,
				76270A1D1BBB453300F5044C /* icon60.png */,
				76270A1E1BBB453300F5044C /* icon76.png */,
				76270A1F1BBB453300F5044C /* icon80.png */,
				76270A201BBB453300F5044C /* icon87.png */,
				76270A211BBB453300F5044C /* Icone.png */,
				76270A221BBB453300F5044C /* Icone1024.png */,
				76270A231BBB453300F5044C /* logoCentraldoCafe.PNG */,
			);
			path = Icones;
			sourceTree = "<group>";
		};
		7683F5971BBB78F3008F2A2B /* Cells */ = {
			isa = PBXGroup;
			children = (
				7683F5791BBB78EE008F2A2B /* cell.png */,
				7683F57A1BBB78EE008F2A2B /* cell@2x.png */,
				7683F57B1BBB78EE008F2A2B /* cell@3x.png */,
				7683F57C1BBB78EE008F2A2B /* cellDetalheAzul.png */,
				7683F57D1BBB78EE008F2A2B /* cellDetalheAzul@2x.png */,
				7683F57E1BBB78EE008F2A2B /* cellDetalheAzul@3x.png */,
				7683F57F1BBB78EE008F2A2B /* cellDetalheLaranja.png */,
				7683F5801BBB78EE008F2A2B /* cellDetalheLaranja@2x.png */,
				7683F5811BBB78EE008F2A2B /* cellDetalheLaranja@3x.png */,
				7683F5821BBB78EE008F2A2B /* cellDetalheRoxo.png */,
				7683F5831BBB78EE008F2A2B /* cellDetalheRoxo@2x.png */,
				7683F5841BBB78EE008F2A2B /* cellDetalheRoxo@3x.png */,
				7683F5851BBB78EE008F2A2B /* cellDetalheVerde.png */,
				7683F5861BBB78EE008F2A2B /* cellDetalheVerde@2x.png */,
				7683F5871BBB78EE008F2A2B /* cellDetalheVerde@3x.png */,
			);
			name = Cells;
			sourceTree = "<group>";
		};
		7683F5C01BBB7911008F2A2B /* Icons */ = {
			isa = PBXGroup;
			children = (
				7683F5981BBB790B008F2A2B /* Info-icon.png */,
				7683F5991BBB790B008F2A2B /* Info-icon@2x.png */,
				7683F59A1BBB790B008F2A2B /* Maps-Near-Me-icon.png */,
				7683F59B1BBB790B008F2A2B /* Maps-Near-Me-icon@2x.png */,
				7683F59C1BBB790B008F2A2B /* Purchase_icon.png */,
				7683F59D1BBB790B008F2A2B /* Purchase_icon@2x.png */,
				7683F59E1BBB790B008F2A2B /* 0300.png */,
				7683F59F1BBB790B008F2A2B /* 0300@2x.png */,
				7683F5A01BBB790B008F2A2B /* 0088.png */,
				7683F5A11BBB790B008F2A2B /* 0088@2x.png */,
				7683F5A21BBB790B008F2A2B /* 0063.png */,
				7683F5A31BBB790B008F2A2B /* 0063@2x.png */,
				7683F5A41BBB790B008F2A2B /* Icon29.png */,
				7683F5A51BBB790B008F2A2B /* Icon57.png */,
				7683F5A61BBB790B008F2A2B /* Icon58.png */,
				7683F5A71BBB790B008F2A2B /* Icon80.png */,
				7683F5A81BBB790B008F2A2B /* Icon87.png */,
				7683F5A91BBB790B008F2A2B /* Icon114.png */,
				7683F5AA1BBB790B008F2A2B /* Icon120.png */,
				7683F5AB1BBB790B008F2A2B /* Icon180.png */,
			);
			name = Icons;
			sourceTree = "<group>";
		};
		7698066E1BBB760700C0AC1B /* Menu */ = {
			isa = PBXGroup;
			children = (
				769806781BBB763400C0AC1B /* MenuDetalhe */,
				7698066F1BBB761D00C0AC1B /* Recipe.h */,
				769806701BBB761D00C0AC1B /* Recipe.m */,
				769806711BBB761D00C0AC1B /* TVCMenu.h */,
				769806721BBB761D00C0AC1B /* TVCMenu.m */,
				769806731BBB761D00C0AC1B /* MenuCell.h */,
				769806741BBB761D00C0AC1B /* MenuCell.m */,
			);
			name = Menu;
			sourceTree = "<group>";
		};
		769806781BBB763400C0AC1B /* MenuDetalhe */ = {
			isa = PBXGroup;
			children = (
				769806791BBB764600C0AC1B /* TVCMenuDetalhe.h */,
				7698067A1BBB764600C0AC1B /* TVCMenuDetalhe.m */,
				7698067B1BBB764600C0AC1B /* MenuCellDetalhe.h */,
				7698067C1BBB764600C0AC1B /* MenuCellDetalhe.m */,
				7698067D1BBB764600C0AC1B /* PratosDetalheObj.h */,
				7698067E1BBB764600C0AC1B /* PratosDetalheObj.m */,
			);
			name = MenuDetalhe;
			sourceTree = "<group>";
		};
		769806821BBB765A00C0AC1B /* Home */ = {
			isa = PBXGroup;
			children = (
				769806651BBB75D100C0AC1B /* Home.h */,
				769806661BBB75D100C0AC1B /* Home.m */,
			);
			name = Home;
			sourceTree = "<group>";
		};
		769806831BBB766100C0AC1B /* About */ = {
			isa = PBXGroup;
			children = (
				769806681BBB75DD00C0AC1B /* CvAbout.h */,
				769806691BBB75DD00C0AC1B /* CvAbout.m */,
			);
			name = About;
			sourceTree = "<group>";
		};
		769806841BBB766800C0AC1B /* MapView */ = {
			isa = PBXGroup;
			children = (
				7698066B1BBB75E700C0AC1B /* MapView.h */,
				7698066C1BBB75E700C0AC1B /* MapView.m */,
			);
			name = MapView;
			sourceTree = "<group>";
		};
		769806931BBB77EF00C0AC1B /* ImagesNew */ = {
			isa = PBXGroup;
			children = (
				767F51DD1BBB8A5000641993 /* brand@3x.png */,
				767F51DE1BBB8A5000641993 /* brand@2x.png */,
				767F51DF1BBB8A5000641993 /* brand568@2x.png */,
				767F51E01BBB8A5000641993 /* brand.png */,
				767F51D71BBB83E200641993 /* LogoNovo.png */,
				767F51D81BBB83E200641993 /* LogoNovo2x.png */,
				767F51D91BBB83E200641993 /* LogoNovo3x.png */,
				7683F5C01BBB7911008F2A2B /* Icons */,
				7683F5971BBB78F3008F2A2B /* Cells */,
				7683F5751BBB78B9008F2A2B /* Splash4s.png */,
				7683F5771BBB78D7008F2A2B /* Logo150.png */,
				769806941BBB780100C0AC1B /* Home */,
			);
			name = ImagesNew;
			sourceTree = "<group>";
		};
		769806941BBB780100C0AC1B /* Home */ = {
			isa = PBXGroup;
			children = (
				769806851BBB77DC00C0AC1B /* breakfast.jpg */,
				769806861BBB77DC00C0AC1B /* Cooffe.jpg */,
				769806871BBB77DC00C0AC1B /* flabPizza.jpg */,
				769806881BBB77DC00C0AC1B /* FrontNoah.jpg */,
				769806891BBB77DC00C0AC1B /* FrontNoah2.jpg */,
				7698068A1BBB77DC00C0AC1B /* hamburgerAndbeer.jpg */,
				7698068B1BBB77DC00C0AC1B /* Pankekes.jpg */,
			);
			name = Home;
			sourceTree = "<group>";
		};
		D7CB7CF50A6A8B37D6CD96C4 /* Pods */ = {
			isa = PBXGroup;
			children = (
				30923555BF2F8A6015417AE7 /* Pods-SidebarDemo.debug.xcconfig */,
				F2B637189E3B27810F3F989A /* Pods-SidebarDemo.release.xcconfig */,
			);
			name = Pods;
			sourceTree = "<group>";
		};
		F4EECF05177C99F400778578 = {
			isa = PBXGroup;
			children = (
				F4EECF17177C99F400778578 /* SidebarDemo */,
				F4EECF10177C99F400778578 /* Frameworks */,
				F4EECF0F177C99F400778578 /* Products */,
				D7CB7CF50A6A8B37D6CD96C4 /* Pods */,
			);
			sourceTree = "<group>";
		};
		F4EECF0F177C99F400778578 /* Products */ = {
			isa = PBXGroup;
			children = (
				F4EECF0E177C99F400778578 /* SidebarDemo.app */,
			);
			name = Products;
			sourceTree = "<group>";
		};
		F4EECF10177C99F400778578 /* Frameworks */ = {
			isa = PBXGroup;
			children = (
				F59A65D01AFE8F6E00AC0699 /* SystemConfiguration.framework */,
				F59A65B91AFD7CE900AC0699 /* QuartzCore.framework */,
				F59A65B71AFD7CD100AC0699 /* MessageUI.framework */,
				F4EECF6F177FE9B400778578 /* CoreLocation.framework */,
				F4EECF11177C99F400778578 /* UIKit.framework */,
				F4EECF13177C99F400778578 /* Foundation.framework */,
				F4EECF15177C99F400778578 /* CoreGraphics.framework */,
				D3E2217B27A82AA2548BF67E /* libPods-SidebarDemo.a */,
			);
			name = Frameworks;
			sourceTree = "<group>";
		};
		F4EECF17177C99F400778578 /* SidebarDemo */ = {
			isa = PBXGroup;
			children = (
				769806931BBB77EF00C0AC1B /* ImagesNew */,
				7698066E1BBB760700C0AC1B /* Menu */,
				769806821BBB765A00C0AC1B /* Home */,
				769806831BBB766100C0AC1B /* About */,
				769806841BBB766800C0AC1B /* MapView */,
				76270A121BBB453300F5044C /* Icones */,
				F59A65D51B07FEF400AC0699 /* Reachability.h */,
				F59A65D61B07FEF400AC0699 /* Reachability.m */,
				F59A65BB1AFE439900AC0699 /* Progress */,
				F59A65B41AFD788C00AC0699 /* Parceiros */,
				F59A65B01AFD76E600AC0699 /* Contato */,
				F59A65AC1AFD649C00AC0699 /* Geral */,
				F59A65AA1AFD571D00AC0699 /* images */,
				F59A65A91AFD570B00AC0699 /* MoreViews */,
				F5A576E01AF11A1A00AD0873 /* News */,
				F5A576DA1AF118D600AD0873 /* Component */,
				F4EECF20177C99F400778578 /* AppDelegate.h */,
				F4EECF21177C99F400778578 /* AppDelegate.m */,
				F4EECF29177C99F400778578 /* MainStoryboard.storyboard */,
				F4EECF2C177C99F400778578 /* MainViewController.h */,
				F4EECF2D177C99F400778578 /* MainViewController.m */,
				F4EECF6C177FD51300778578 /* MapViewController.h */,
				F4EECF6D177FD51300778578 /* MapViewController.m */,
				F4EECF34177C9A1E00778578 /* Library */,
				76270A351BBB458F00F5044C /* Images.xcassets */,
				F4EECF18177C99F400778578 /* Supporting Files */,
			);
			path = SidebarDemo;
			sourceTree = "<group>";
		};
		F4EECF18177C99F400778578 /* Supporting Files */ = {
			isa = PBXGroup;
			children = (
				F4EECF53177F37CB00778578 /* Images */,
				F4EECF19177C99F400778578 /* SidebarDemo-Info.plist */,
				F4EECF1A177C99F400778578 /* InfoPlist.strings */,
				F4EECF1D177C99F400778578 /* main.m */,
				F4EECF1F177C99F400778578 /* SidebarDemo-Prefix.pch */,
				F4EECF23177C99F400778578 /* Default.png */,
				F4EECF25177C99F400778578 /* Default@2x.png */,
				F4EECF27177C99F400778578 /* Default-568h@2x.png */,
			);
			name = "Supporting Files";
			sourceTree = "<group>";
		};
		F4EECF34177C9A1E00778578 /* Library */ = {
			isa = PBXGroup;
			children = (
			);
			name = Library;
			sourceTree = "<group>";
		};
		F4EECF53177F37CB00778578 /* Images */ = {
			isa = PBXGroup;
			children = (
				F4FE87F91780081300CB3DA8 /* comments_photo.jpg */,
				F4FE87FD178010F000CB3DA8 /* bookmark_photo.jpg */,
				F4FE8801178010FA00CB3DA8 /* tag_photo.jpg */,
				F4FE87FE178010F000CB3DA8 /* calendar_photo.jpg */,
				F4FE87FA1780081300CB3DA8 /* wishlist_photo.jpg */,
				F4EECF68177F4C0200778578 /* menu.png */,
				F4EECF69177F4C0200778578 /* menu@2x.png */,
				F4EECF65177F4AB000778578 /* nav_bg.png */,
				F4EECF54177F384900778578 /* bookmark.png */,
				F4EECF55177F384900778578 /* calendar.png */,
				F4EECF56177F384900778578 /* comments.png */,
				F4EECF57177F384900778578 /* map.png */,
				F4EECF58177F384900778578 /* news.png */,
				F4EECF59177F384900778578 /* photo.png */,
				F4EECF62177F3CAB00778578 /* tag.png */,
				F4EECF5A177F384900778578 /* wishlist.png */,
			);
			name = Images;
			sourceTree = "<group>";
		};
		F59A659E1AFA8EAA00AC0699 /* NewsDetails */ = {
			isa = PBXGroup;
			children = (
				F59A659F1AFA8EF700AC0699 /* DatailsNew.h */,
				F59A65A01AFA8EF700AC0699 /* DatailsNew.m */,
				F59A65CD1AFE83A900AC0699 /* Details.h */,
				F59A65CE1AFE83A900AC0699 /* Details.m */,
			);
			name = NewsDetails;
			sourceTree = "<group>";
		};
		F59A65A91AFD570B00AC0699 /* MoreViews */ = {
			isa = PBXGroup;
			children = (
				F59A65A61AFD570300AC0699 /* tableMoreViews.h */,
				F59A65A71AFD570300AC0699 /* tableMoreViews.m */,
			);
			name = MoreViews;
			sourceTree = "<group>";
		};
		F59A65AA1AFD571D00AC0699 /* images */ = {
			isa = PBXGroup;
			children = (
				F59A65B51AFD795900AC0699 /* Logo_Promaster.png */,
				F59A659C1AF98AC300AC0699 /* no-foto.jpg */,
				F5A576E41AF1269600AD0873 /* LogoCentraldoCafe.png */,
				F59A65A21AFD378700AC0699 /* LogoCentraldoCafe@2x.png */,
				F59A65A31AFD378700AC0699 /* LogoCentraldoCafe@3x.png */,
			);
			name = images;
			sourceTree = "<group>";
		};
		F59A65AC1AFD649C00AC0699 /* Geral */ = {
			isa = PBXGroup;
			children = (
				F59A65AD1AFD64B800AC0699 /* tableGeral.h */,
				F59A65AE1AFD64B800AC0699 /* tableGeral.m */,
			);
			name = Geral;
			sourceTree = "<group>";
		};
		F59A65B01AFD76E600AC0699 /* Contato */ = {
			isa = PBXGroup;
			children = (
				F59A65B11AFD770600AC0699 /* ViewContato.h */,
				F59A65B21AFD770600AC0699 /* ViewContato.m */,
			);
			name = Contato;
			sourceTree = "<group>";
		};
		F59A65B41AFD788C00AC0699 /* Parceiros */ = {
			isa = PBXGroup;
			children = (
			);
			name = Parceiros;
			sourceTree = "<group>";
		};
		F59A65BB1AFE439900AC0699 /* Progress */ = {
			isa = PBXGroup;
			children = (
				F59A65C91AFE43E200AC0699 /* 37x-Checkmark.png */,
				F59A65CA1AFE43E200AC0699 /* 37x-Checkmark@2x.png */,
				F59A65BF1AFE43D300AC0699 /* Icon-iOS7@2x.png */,
				F59A65C01AFE43D300AC0699 /* Icon-Small.png */,
				F59A65C11AFE43D300AC0699 /* Icon-Small@2x.png */,
				F59A65C21AFE43D300AC0699 /* Icon.png */,
				F59A65C31AFE43D300AC0699 /* Icon@2x.png */,
				F59A65BC1AFE43BC00AC0699 /* MBProgressHUD.h */,
				F59A65BD1AFE43BC00AC0699 /* MBProgressHUD.m */,
			);
			name = Progress;
			sourceTree = "<group>";
		};
		F5A576DA1AF118D600AD0873 /* Component */ = {
			isa = PBXGroup;
			children = (
				F5E1E2F11ABDC508004096CB /* SWRevealViewController.h */,
				F5E1E2F21ABDC508004096CB /* SWRevealViewController.m */,
				F4EECF48177DF87700778578 /* SidebarViewController.h */,
				F4EECF49177DF87700778578 /* SidebarViewController.m */,
			);
			name = Component;
			sourceTree = "<group>";
		};
		F5A576E01AF11A1A00AD0873 /* News */ = {
			isa = PBXGroup;
			children = (
				F5A576DB1AF11A1200AD0873 /* CellNews.h */,
				F5A576DC1AF11A1200AD0873 /* CellNews.m */,
				F5A576E11AF11A6700AD0873 /* TableNews.h */,
				F5A576E21AF11A6700AD0873 /* TableNews.m */,
				F59A659E1AFA8EAA00AC0699 /* NewsDetails */,
			);
			name = News;
			sourceTree = "<group>";
		};
/* End PBXGroup section */

/* Begin PBXNativeTarget section */
		F4EECF0D177C99F400778578 /* SidebarDemo */ = {
			isa = PBXNativeTarget;
			buildConfigurationList = F4EECF31177C99F400778578 /* Build configuration list for PBXNativeTarget "SidebarDemo" */;
			buildPhases = (
				7E91899FC239312C3FD9C1D7 /* Check Pods Manifest.lock */,
				F4EECF0A177C99F400778578 /* Sources */,
				F4EECF0B177C99F400778578 /* Frameworks */,
				F4EECF0C177C99F400778578 /* Resources */,
				6D05D809EB80172C3905C421 /* Copy Pods Resources */,
			);
			buildRules = (
			);
			dependencies = (
			);
			name = SidebarDemo;
			productName = SidebarDemo;
			productReference = F4EECF0E177C99F400778578 /* SidebarDemo.app */;
			productType = "com.apple.product-type.application";
		};
/* End PBXNativeTarget section */

/* Begin PBXProject section */
		F4EECF06177C99F400778578 /* Project object */ = {
			isa = PBXProject;
			attributes = {
				LastUpgradeCheck = 0700;
				ORGANIZATIONNAME = Appcoda;
				TargetAttributes = {
					F4EECF0D177C99F400778578 = {
						DevelopmentTeam = T2S85GJ7JY;
						SystemCapabilities = {
							com.apple.InAppPurchase = {
								enabled = 0;
							};
							com.apple.Maps.iOS = {
								enabled = 0;
							};
						};
					};
				};
			};
			buildConfigurationList = F4EECF09177C99F400778578 /* Build configuration list for PBXProject "SidebarDemo" */;
			compatibilityVersion = "Xcode 3.2";
			developmentRegion = English;
			hasScannedForEncodings = 0;
			knownRegions = (
				en,
			);
			mainGroup = F4EECF05177C99F400778578;
			productRefGroup = F4EECF0F177C99F400778578 /* Products */;
			projectDirPath = "";
			projectRoot = "";
			targets = (
				F4EECF0D177C99F400778578 /* SidebarDemo */,
			);
		};
/* End PBXProject section */

/* Begin PBXResourcesBuildPhase section */
		F4EECF0C177C99F400778578 /* Resources */ = {
			isa = PBXResourcesBuildPhase;
			buildActionMask = 2147483647;
			files = (
				F4EECF1C177C99F400778578 /* InfoPlist.strings in Resources */,
				F59A65A51AFD378700AC0699 /* LogoCentraldoCafe@3x.png in Resources */,
				7683F5BD1BBB790B008F2A2B /* Icon114.png in Resources */,
				7683F5AD1BBB790B008F2A2B /* Info-icon@2x.png in Resources */,
				7683F5B41BBB790B008F2A2B /* 0088.png in Resources */,
				F59A65CC1AFE43E200AC0699 /* 37x-Checkmark@2x.png in Resources */,
				F4EECF24177C99F400778578 /* Default.png in Resources */,
				F5A576E51AF1269600AD0873 /* LogoCentraldoCafe.png in Resources */,
				F59A659D1AF98AC300AC0699 /* no-foto.jpg in Resources */,
				7683F5B01BBB790B008F2A2B /* Purchase_icon.png in Resources */,
				F4EECF26177C99F400778578 /* Default@2x.png in Resources */,
				7698068C1BBB77DC00C0AC1B /* breakfast.jpg in Resources */,
				7683F5B51BBB790B008F2A2B /* 0088@2x.png in Resources */,
				7683F58E1BBB78EE008F2A2B /* cellDetalheLaranja.png in Resources */,
				7683F5BA1BBB790B008F2A2B /* Icon58.png in Resources */,
				F59A65C81AFE43D300AC0699 /* Icon@2x.png in Resources */,
				767F51E31BBB8A5000641993 /* brand568@2x.png in Resources */,
				7683F5901BBB78EE008F2A2B /* cellDetalheLaranja@3x.png in Resources */,
				F59A65C41AFE43D300AC0699 /* Icon-iOS7@2x.png in Resources */,
				767F51DA1BBB83E200641993 /* LogoNovo.png in Resources */,
				F4EECF28177C99F400778578 /* Default-568h@2x.png in Resources */,
				76270A271BBB453300F5044C /* icon152.png in Resources */,
				F59A65C51AFE43D300AC0699 /* Icon-Small.png in Resources */,
				F4EECF2B177C99F400778578 /* MainStoryboard.storyboard in Resources */,
				F4EECF5B177F384900778578 /* bookmark.png in Resources */,
				76270A251BBB453300F5044C /* icon114.png in Resources */,
				7683F5B11BBB790B008F2A2B /* Purchase_icon@2x.png in Resources */,
				7683F5961BBB78EE008F2A2B /* cellDetalheVerde@3x.png in Resources */,
				7683F5881BBB78EE008F2A2B /* cell.png in Resources */,
				76270A281BBB453300F5044C /* icon160.png in Resources */,
				769806911BBB77DC00C0AC1B /* hamburgerAndbeer.jpg in Resources */,
				F4EECF5C177F384900778578 /* calendar.png in Resources */,
				7683F5BE1BBB790B008F2A2B /* Icon120.png in Resources */,
				F59A65C71AFE43D300AC0699 /* Icon.png in Resources */,
				7683F58A1BBB78EE008F2A2B /* cell@3x.png in Resources */,
				76270A2F1BBB453300F5044C /* icon76.png in Resources */,
				7698068F1BBB77DC00C0AC1B /* FrontNoah.jpg in Resources */,
				7683F5B71BBB790B008F2A2B /* 0063@2x.png in Resources */,
				F59A65A41AFD378700AC0699 /* LogoCentraldoCafe@2x.png in Resources */,
				7683F5B91BBB790B008F2A2B /* Icon57.png in Resources */,
				76270A291BBB453300F5044C /* icon29.png in Resources */,
				7683F5BC1BBB790B008F2A2B /* Icon87.png in Resources */,
				7683F5BF1BBB790B008F2A2B /* Icon180.png in Resources */,
				F4EECF5D177F384900778578 /* comments.png in Resources */,
				769806921BBB77DC00C0AC1B /* Pankekes.jpg in Resources */,
				76270A2C1BBB453300F5044C /* icon57.png in Resources */,
				F4EECF5E177F384900778578 /* map.png in Resources */,
				F4EECF5F177F384900778578 /* news.png in Resources */,
				F4EECF60177F384900778578 /* photo.png in Resources */,
				F4EECF61177F384900778578 /* wishlist.png in Resources */,
				76270A341BBB453300F5044C /* logoCentraldoCafe.PNG in Resources */,
				7683F5941BBB78EE008F2A2B /* cellDetalheVerde.png in Resources */,
				F4EECF63177F3CAB00778578 /* tag.png in Resources */,
				F4EECF67177F4AB000778578 /* nav_bg.png in Resources */,
				F4EECF6A177F4C0200778578 /* menu.png in Resources */,
				7683F58F1BBB78EE008F2A2B /* cellDetalheLaranja@2x.png in Resources */,
				76270A261BBB453300F5044C /* icon120.png in Resources */,
				7698068E1BBB77DC00C0AC1B /* flabPizza.jpg in Resources */,
				7683F5781BBB78D7008F2A2B /* Logo150.png in Resources */,
				7683F5931BBB78EE008F2A2B /* cellDetalheRoxo@3x.png in Resources */,
				7683F5951BBB78EE008F2A2B /* cellDetalheVerde@2x.png in Resources */,
				7698068D1BBB77DC00C0AC1B /* Cooffe.jpg in Resources */,
				7683F58D1BBB78EE008F2A2B /* cellDetalheAzul@3x.png in Resources */,
				7683F5911BBB78EE008F2A2B /* cellDetalheRoxo.png in Resources */,
				7683F5AC1BBB790B008F2A2B /* Info-icon.png in Resources */,
				76270A331BBB453300F5044C /* Icone1024.png in Resources */,
				7683F5761BBB78B9008F2A2B /* Splash4s.png in Resources */,
				76270A301BBB453300F5044C /* icon80.png in Resources */,
				767F51DC1BBB83E200641993 /* LogoNovo3x.png in Resources */,
				7683F58C1BBB78EE008F2A2B /* cellDetalheAzul@2x.png in Resources */,
				7683F5AF1BBB790B008F2A2B /* Maps-Near-Me-icon@2x.png in Resources */,
				7683F5921BBB78EE008F2A2B /* cellDetalheRoxo@2x.png in Resources */,
				7683F5B21BBB790B008F2A2B /* 0300.png in Resources */,
				767F51E21BBB8A5000641993 /* brand@2x.png in Resources */,
				769806901BBB77DC00C0AC1B /* FrontNoah2.jpg in Resources */,
				7683F5891BBB78EE008F2A2B /* cell@2x.png in Resources */,
				F4EECF6B177F4C0200778578 /* menu@2x.png in Resources */,
				767F51E41BBB8A5000641993 /* brand.png in Resources */,
				76270A381BBB462700F5044C /* icon180.png in Resources */,
				76270A2D1BBB453300F5044C /* icon58.png in Resources */,
				F59A65B61AFD795900AC0699 /* Logo_Promaster.png in Resources */,
				F59A65C61AFE43D300AC0699 /* Icon-Small@2x.png in Resources */,
				7683F5B31BBB790B008F2A2B /* 0300@2x.png in Resources */,
				76270A311BBB453300F5044C /* icon87.png in Resources */,
				F4FE87FB1780081300CB3DA8 /* comments_photo.jpg in Resources */,
				76270A2B1BBB453300F5044C /* icon50.png in Resources */,
				76270A2A1BBB453300F5044C /* icon40.png in Resources */,
				F4FE87FC1780081300CB3DA8 /* wishlist_photo.jpg in Resources */,
				7683F5B61BBB790B008F2A2B /* 0063.png in Resources */,
				76270A321BBB453300F5044C /* Icone.png in Resources */,
				7683F5BB1BBB790B008F2A2B /* Icon80.png in Resources */,
				7683F58B1BBB78EE008F2A2B /* cellDetalheAzul.png in Resources */,
				76270A361BBB458F00F5044C /* Images.xcassets in Resources */,
				7683F5B81BBB790B008F2A2B /* Icon29.png in Resources */,
				F59A65CB1AFE43E200AC0699 /* 37x-Checkmark.png in Resources */,
				76270A2E1BBB453300F5044C /* icon60.png in Resources */,
				F4FE87FF178010F000CB3DA8 /* bookmark_photo.jpg in Resources */,
				767F51DB1BBB83E200641993 /* LogoNovo2x.png in Resources */,
				F4FE8800178010F000CB3DA8 /* calendar_photo.jpg in Resources */,
				767F51E11BBB8A5000641993 /* brand@3x.png in Resources */,
				F4FE8802178010FA00CB3DA8 /* tag_photo.jpg in Resources */,
				7683F5AE1BBB790B008F2A2B /* Maps-Near-Me-icon.png in Resources */,
			);
			runOnlyForDeploymentPostprocessing = 0;
		};
/* End PBXResourcesBuildPhase section */

/* Begin PBXShellScriptBuildPhase section */
		6D05D809EB80172C3905C421 /* Copy Pods Resources */ = {
			isa = PBXShellScriptBuildPhase;
			buildActionMask = 2147483647;
			files = (
			);
			inputPaths = (
			);
			name = "Copy Pods Resources";
			outputPaths = (
			);
			runOnlyForDeploymentPostprocessing = 0;
			shellPath = /bin/sh;
			shellScript = "\"${SRCROOT}/Pods/Target Support Files/Pods-SidebarDemo/Pods-SidebarDemo-resources.sh\"\n";
			showEnvVarsInLog = 0;
		};
		7E91899FC239312C3FD9C1D7 /* Check Pods Manifest.lock */ = {
			isa = PBXShellScriptBuildPhase;
			buildActionMask = 2147483647;
			files = (
			);
			inputPaths = (
			);
			name = "Check Pods Manifest.lock";
			outputPaths = (
			);
			runOnlyForDeploymentPostprocessing = 0;
			shellPath = /bin/sh;
			shellScript = "diff \"${PODS_ROOT}/../Podfile.lock\" \"${PODS_ROOT}/Manifest.lock\" > /dev/null\nif [[ $? != 0 ]] ; then\n    cat << EOM\nerror: The sandbox is not in sync with the Podfile.lock. Run 'pod install' or update your CocoaPods installation.\nEOM\n    exit 1\nfi\n";
			showEnvVarsInLog = 0;
		};
/* End PBXShellScriptBuildPhase section */

/* Begin PBXSourcesBuildPhase section */
		F4EECF0A177C99F400778578 /* Sources */ = {
			isa = PBXSourcesBuildPhase;
			buildActionMask = 2147483647;
			files = (
				769806811BBB764600C0AC1B /* PratosDetalheObj.m in Sources */,
				F59A65A81AFD570300AC0699 /* tableMoreViews.m in Sources */,
				F5E1E2F31ABDC508004096CB /* SWRevealViewController.m in Sources */,
				769806761BBB761D00C0AC1B /* TVCMenu.m in Sources */,
				F4EECF1E177C99F400778578 /* main.m in Sources */,
				F59A65B31AFD770600AC0699 /* ViewContato.m in Sources */,
				F59A65D71B07FEF400AC0699 /* Reachability.m in Sources */,
				F4EECF22177C99F400778578 /* AppDelegate.m in Sources */,
				F5A576E31AF11A6700AD0873 /* TableNews.m in Sources */,
				7698067F1BBB764600C0AC1B /* TVCMenuDetalhe.m in Sources */,
				769806771BBB761D00C0AC1B /* MenuCell.m in Sources */,
				769806801BBB764600C0AC1B /* MenuCellDetalhe.m in Sources */,
				7698066D1BBB75E700C0AC1B /* MapView.m in Sources */,
				F59A65CF1AFE83A900AC0699 /* Details.m in Sources */,
				7698066A1BBB75DD00C0AC1B /* CvAbout.m in Sources */,
				F4EECF2E177C99F400778578 /* MainViewController.m in Sources */,
				F59A65A11AFA8EF700AC0699 /* DatailsNew.m in Sources */,
				769806671BBB75D100C0AC1B /* Home.m in Sources */,
				F59A65AF1AFD64B800AC0699 /* tableGeral.m in Sources */,
				769806751BBB761D00C0AC1B /* Recipe.m in Sources */,
				F59A65BE1AFE43BC00AC0699 /* MBProgressHUD.m in Sources */,
				F5A576DE1AF11A1200AD0873 /* CellNews.m in Sources */,
				F4EECF4A177DF87700778578 /* SidebarViewController.m in Sources */,
				F4EECF6E177FD51400778578 /* MapViewController.m in Sources */,
			);
			runOnlyForDeploymentPostprocessing = 0;
		};
/* End PBXSourcesBuildPhase section */

/* Begin PBXVariantGroup section */
		F4EECF1A177C99F400778578 /* InfoPlist.strings */ = {
			isa = PBXVariantGroup;
			children = (
				F4EECF1B177C99F400778578 /* en */,
			);
			name = InfoPlist.strings;
			sourceTree = "<group>";
		};
		F4EECF29177C99F400778578 /* MainStoryboard.storyboard */ = {
			isa = PBXVariantGroup;
			children = (
				F4EECF2A177C99F400778578 /* en */,
			);
			name = MainStoryboard.storyboard;
			sourceTree = "<group>";
		};
/* End PBXVariantGroup section */

/* Begin XCBuildConfiguration section */
		F4EECF2F177C99F400778578 /* Debug */ = {
			isa = XCBuildConfiguration;
			buildSettings = {
				ALWAYS_SEARCH_USER_PATHS = NO;
				CLANG_CXX_LANGUAGE_STANDARD = "gnu++0x";
				CLANG_CXX_LIBRARY = "libc++";
				CLANG_ENABLE_OBJC_ARC = YES;
				CLANG_WARN_CONSTANT_CONVERSION = YES;
				CLANG_WARN_EMPTY_BODY = YES;
				CLANG_WARN_ENUM_CONVERSION = YES;
				CLANG_WARN_INT_CONVERSION = YES;
				CLANG_WARN__DUPLICATE_METHOD_MATCH = YES;
				"CODE_SIGN_IDENTITY[sdk=iphoneos*]" = "iPhone Developer";
				COPY_PHASE_STRIP = NO;
				ENABLE_TESTABILITY = YES;
				GCC_C_LANGUAGE_STANDARD = gnu99;
				GCC_DYNAMIC_NO_PIC = NO;
				GCC_OPTIMIZATION_LEVEL = 0;
				GCC_PREPROCESSOR_DEFINITIONS = (
					"DEBUG=1",
					"$(inherited)",
				);
				GCC_SYMBOLS_PRIVATE_EXTERN = NO;
				GCC_WARN_ABOUT_RETURN_TYPE = YES;
				GCC_WARN_UNINITIALIZED_AUTOS = YES;
				GCC_WARN_UNUSED_VARIABLE = YES;
				IPHONEOS_DEPLOYMENT_TARGET = 7.0;
				ONLY_ACTIVE_ARCH = YES;
				SDKROOT = iphoneos;
			};
			name = Debug;
		};
		F4EECF30177C99F400778578 /* Release */ = {
			isa = XCBuildConfiguration;
			buildSettings = {
				ALWAYS_SEARCH_USER_PATHS = NO;
				CLANG_CXX_LANGUAGE_STANDARD = "gnu++0x";
				CLANG_CXX_LIBRARY = "libc++";
				CLANG_ENABLE_OBJC_ARC = YES;
				CLANG_WARN_CONSTANT_CONVERSION = YES;
				CLANG_WARN_EMPTY_BODY = YES;
				CLANG_WARN_ENUM_CONVERSION = YES;
				CLANG_WARN_INT_CONVERSION = YES;
				CLANG_WARN__DUPLICATE_METHOD_MATCH = YES;
				"CODE_SIGN_IDENTITY[sdk=iphoneos*]" = "iPhone Developer";
				COPY_PHASE_STRIP = YES;
				GCC_C_LANGUAGE_STANDARD = gnu99;
				GCC_WARN_ABOUT_RETURN_TYPE = YES;
				GCC_WARN_UNINITIALIZED_AUTOS = YES;
				GCC_WARN_UNUSED_VARIABLE = YES;
				IPHONEOS_DEPLOYMENT_TARGET = 7.0;
				OTHER_CFLAGS = "-DNS_BLOCK_ASSERTIONS=1";
				SDKROOT = iphoneos;
				VALIDATE_PRODUCT = YES;
			};
			name = Release;
		};
		F4EECF32177C99F400778578 /* Debug */ = {
			isa = XCBuildConfiguration;
			baseConfigurationReference = 30923555BF2F8A6015417AE7 /* Pods-SidebarDemo.debug.xcconfig */;
			buildSettings = {
				ASSETCATALOG_COMPILER_APPICON_NAME = AppIcon;
				ASSETCATALOG_COMPILER_LAUNCHIMAGE_NAME = BrandAsset;
				CODE_SIGN_IDENTITY = "iPhone Developer";
				"CODE_SIGN_IDENTITY[sdk=iphoneos*]" = "iPhone Developer";
				ENABLE_BITCODE = NO;
				FRAMEWORK_SEARCH_PATHS = (
					"$(inherited)",
					"$(PROJECT_DIR)",
				);
				GCC_PRECOMPILE_PREFIX_HEADER = YES;
				GCC_PREFIX_HEADER = "SidebarDemo/SidebarDemo-Prefix.pch";
				INFOPLIST_FILE = "SidebarDemo/SidebarDemo-Info.plist";
				IPHONEOS_DEPLOYMENT_TARGET = 9.0;
				ONLY_ACTIVE_ARCH = NO;
				PRODUCT_BUNDLE_IDENTIFIER = com.promaster.NoahAndCo;
				PRODUCT_NAME = "$(TARGET_NAME)";
				PROVISIONING_PROFILE = "";
				WRAPPER_EXTENSION = app;
			};
			name = Debug;
		};
		F4EECF33177C99F400778578 /* Release */ = {
			isa = XCBuildConfiguration;
			baseConfigurationReference = F2B637189E3B27810F3F989A /* Pods-SidebarDemo.release.xcconfig */;
			buildSettings = {
				ASSETCATALOG_COMPILER_APPICON_NAME = AppIcon;
				ASSETCATALOG_COMPILER_LAUNCHIMAGE_NAME = BrandAsset;
				CODE_SIGN_IDENTITY = "iPhone Developer";
				"CODE_SIGN_IDENTITY[sdk=iphoneos*]" = "iPhone Developer";
				ENABLE_BITCODE = NO;
				FRAMEWORK_SEARCH_PATHS = (
					"$(inherited)",
					"$(PROJECT_DIR)",
				);
				GCC_PRECOMPILE_PREFIX_HEADER = YES;
				GCC_PREFIX_HEADER = "SidebarDemo/SidebarDemo-Prefix.pch";
				INFOPLIST_FILE = "SidebarDemo/SidebarDemo-Info.plist";
				IPHONEOS_DEPLOYMENT_TARGET = 9.0;
				PRODUCT_BUNDLE_IDENTIFIER = com.promaster.NoahAndCo;
				PRODUCT_NAME = "$(TARGET_NAME)";
				PROVISIONING_PROFILE = "";
				WRAPPER_EXTENSION = app;
			};
			name = Release;
		};
/* End XCBuildConfiguration section */

/* Begin XCConfigurationList section */
		F4EECF09177C99F400778578 /* Build configuration list for PBXProject "SidebarDemo" */ = {
			isa = XCConfigurationList;
			buildConfigurations = (
				F4EECF2F177C99F400778578 /* Debug */,
				F4EECF30177C99F400778578 /* Release */,
			);
			defaultConfigurationIsVisible = 0;
			defaultConfigurationName = Release;
		};
		F4EECF31177C99F400778578 /* Build configuration list for PBXNativeTarget "SidebarDemo" */ = {
			isa = XCConfigurationList;
			buildConfigurations = (
				F4EECF32177C99F400778578 /* Debug */,
				F4EECF33177C99F400778578 /* Release */,
			);
			defaultConfigurationIsVisible = 0;
			defaultConfigurationName = Release;
		};
/* End XCConfigurationList section */
	};
	rootObject = F4EECF06177C99F400778578 /* Project object */;
}
